// !$*UTF8*$!
{
	archiveVersion = 1;
	classes = {
	};
	objectVersion = 55;
	objects = {

/* Begin PBXBuildFile section */
		84B83E2729B26844000A2319 /* SignUpViewModel.swift in Sources */ = {isa = PBXBuildFile; fileRef = 84B83E2629B26844000A2319 /* SignUpViewModel.swift */; };
		84B83E2929B2689B000A2319 /* SignUpMapper.swift in Sources */ = {isa = PBXBuildFile; fileRef = 84B83E2829B2689B000A2319 /* SignUpMapper.swift */; };
		84B83E2D29B26A5F000A2319 /* AlertViewSpy.swift in Sources */ = {isa = PBXBuildFile; fileRef = 84B83E2C29B26A5F000A2319 /* AlertViewSpy.swift */; };
		84B83E3029B26AAD000A2319 /* EmailValidatorSpy.swift in Sources */ = {isa = PBXBuildFile; fileRef = 84B83E2F29B26AAD000A2319 /* EmailValidatorSpy.swift */; };
		84B83E3329B26AF6000A2319 /* AddAccountSpy.swift in Sources */ = {isa = PBXBuildFile; fileRef = 84B83E3229B26AF6000A2319 /* AddAccountSpy.swift */; };
		84B83E3529B26B3D000A2319 /* LoadingViewSpy.swift in Sources */ = {isa = PBXBuildFile; fileRef = 84B83E3429B26B3D000A2319 /* LoadingViewSpy.swift */; };
		84B83E3829B26BC0000A2319 /* TestFactories.swift in Sources */ = {isa = PBXBuildFile; fileRef = 84B83E3729B26BC0000A2319 /* TestFactories.swift */; };
		84B83E4629B26D18000A2319 /* UI.framework in Frameworks */ = {isa = PBXBuildFile; fileRef = 84B83E3E29B26D18000A2319 /* UI.framework */; };
		84B83E4B29B26D18000A2319 /* SignUpViewController.swift in Sources */ = {isa = PBXBuildFile; fileRef = 84B83E4A29B26D18000A2319 /* SignUpViewController.swift */; };
		CE3F899929AD3857003BE78F /* SignUpPresenter.swift in Sources */ = {isa = PBXBuildFile; fileRef = CE3F899829AD3857003BE78F /* SignUpPresenter.swift */; };
		CE3F899E29AD392E003BE78F /* AlertView.swift in Sources */ = {isa = PBXBuildFile; fileRef = CE3F899D29AD392E003BE78F /* AlertView.swift */; };
		CE3F89A329AD3DC5003BE78F /* EmailValidator.swift in Sources */ = {isa = PBXBuildFile; fileRef = CE3F89A229AD3DC5003BE78F /* EmailValidator.swift */; };
		CE3F89A429AD48C7003BE78F /* AccountModelFactory.swift in Sources */ = {isa = PBXBuildFile; fileRef = CE9A6F78296D2506000E5F7E /* AccountModelFactory.swift */; };
		CE3F89A529AD53ED003BE78F /* TestExtensions.swift in Sources */ = {isa = PBXBuildFile; fileRef = CE9A6F70296D23D9000E5F7E /* TestExtensions.swift */; };
		CE3F89A729AD5589003BE78F /* LoadingView.swift in Sources */ = {isa = PBXBuildFile; fileRef = CE3F89A629AD5589003BE78F /* LoadingView.swift */; };
		CE9A6F36296CEC1C000E5F7E /* AddAccount.swift in Sources */ = {isa = PBXBuildFile; fileRef = CE9A6F35296CEC1C000E5F7E /* AddAccount.swift */; };
		CE9A6F38296CED45000E5F7E /* AccountModel.swift in Sources */ = {isa = PBXBuildFile; fileRef = CE9A6F37296CED45000E5F7E /* AccountModel.swift */; };
		CE9A6F46296CEDE2000E5F7E /* Data.framework in Frameworks */ = {isa = PBXBuildFile; fileRef = CE9A6F3E296CEDE1000E5F7E /* Data.framework */; };
		CE9A6F4B296CEDE2000E5F7E /* RemoteAddAccountTests.swift in Sources */ = {isa = PBXBuildFile; fileRef = CE9A6F4A296CEDE2000E5F7E /* RemoteAddAccountTests.swift */; };
		CE9A6F54296CEE0C000E5F7E /* Domain.framework in Frameworks */ = {isa = PBXBuildFile; fileRef = CE9A6F2C296CEB5A000E5F7E /* Domain.framework */; };
		CE9A6F55296CEE0D000E5F7E /* Domain.framework in Embed Frameworks */ = {isa = PBXBuildFile; fileRef = CE9A6F2C296CEB5A000E5F7E /* Domain.framework */; settings = {ATTRIBUTES = (CodeSignOnCopy, RemoveHeadersOnCopy, ); }; };
		CE9A6F5A296D0B62000E5F7E /* Model.swift in Sources */ = {isa = PBXBuildFile; fileRef = CE9A6F59296D0B62000E5F7E /* Model.swift */; };
		CE9A6F5C296D0C02000E5F7E /* RemoteAddAccount.swift in Sources */ = {isa = PBXBuildFile; fileRef = CE9A6F5B296D0C02000E5F7E /* RemoteAddAccount.swift */; };
		CE9A6F5E296D0C3D000E5F7E /* HttpPostClient.swift in Sources */ = {isa = PBXBuildFile; fileRef = CE9A6F5D296D0C3D000E5F7E /* HttpPostClient.swift */; };
		CE9A6F68296D1036000E5F7E /* DomainError.swift in Sources */ = {isa = PBXBuildFile; fileRef = CE9A6F67296D1036000E5F7E /* DomainError.swift */; };
		CE9A6F6B296D1246000E5F7E /* HttpError.swift in Sources */ = {isa = PBXBuildFile; fileRef = CE9A6F6A296D1246000E5F7E /* HttpError.swift */; };
		CE9A6F6E296D1A1C000E5F7E /* ExtensionHelpers.swift in Sources */ = {isa = PBXBuildFile; fileRef = CE9A6F6D296D1A1C000E5F7E /* ExtensionHelpers.swift */; };
		CE9A6F71296D23D9000E5F7E /* TestExtensions.swift in Sources */ = {isa = PBXBuildFile; fileRef = CE9A6F70296D23D9000E5F7E /* TestExtensions.swift */; };
		CE9A6F73296D244F000E5F7E /* TestFactories.swift in Sources */ = {isa = PBXBuildFile; fileRef = CE9A6F72296D244F000E5F7E /* TestFactories.swift */; };
		CE9A6F77296D24B0000E5F7E /* HttpClientSpy.swift in Sources */ = {isa = PBXBuildFile; fileRef = CE9A6F76296D24B0000E5F7E /* HttpClientSpy.swift */; };
		CE9A6F79296D2506000E5F7E /* AccountModelFactory.swift in Sources */ = {isa = PBXBuildFile; fileRef = CE9A6F78296D2506000E5F7E /* AccountModelFactory.swift */; };
		CE9A6F87296D66B8000E5F7E /* Infra.framework in Frameworks */ = {isa = PBXBuildFile; fileRef = CE9A6F7F296D66B7000E5F7E /* Infra.framework */; };
		CE9A6F8C296D66B8000E5F7E /* AlamofireAdapterTests.swift in Sources */ = {isa = PBXBuildFile; fileRef = CE9A6F8B296D66B8000E5F7E /* AlamofireAdapterTests.swift */; };
		CE9A6F94296D6819000E5F7E /* Data.framework in Frameworks */ = {isa = PBXBuildFile; fileRef = CE9A6F3E296CEDE1000E5F7E /* Data.framework */; };
		CE9A6F95296D6819000E5F7E /* Data.framework in Embed Frameworks */ = {isa = PBXBuildFile; fileRef = CE9A6F3E296CEDE1000E5F7E /* Data.framework */; settings = {ATTRIBUTES = (CodeSignOnCopy, RemoveHeadersOnCopy, ); }; };
		CE9A6F99296D6839000E5F7E /* TestExtensions.swift in Sources */ = {isa = PBXBuildFile; fileRef = CE9A6F70296D23D9000E5F7E /* TestExtensions.swift */; };
		CE9A6F9A296D683E000E5F7E /* TestFactories.swift in Sources */ = {isa = PBXBuildFile; fileRef = CE9A6F72296D244F000E5F7E /* TestFactories.swift */; };
		CE9A6F9D296D68F7000E5F7E /* Alamofire in Frameworks */ = {isa = PBXBuildFile; productRef = CE9A6F9C296D68F7000E5F7E /* Alamofire */; };
		CEB6A070297D30FE0090E8B3 /* AlamofireAdaptar.swift in Sources */ = {isa = PBXBuildFile; fileRef = CEB6A06F297D30FE0090E8B3 /* AlamofireAdaptar.swift */; };
		CEB6A074297D31C60090E8B3 /* UrlProtocolStub.swift in Sources */ = {isa = PBXBuildFile; fileRef = CEB6A073297D31C60090E8B3 /* UrlProtocolStub.swift */; };
		CEB6A07C297D36330090E8B3 /* AddAccountIntegrationTests.swift in Sources */ = {isa = PBXBuildFile; fileRef = CEB6A07B297D36330090E8B3 /* AddAccountIntegrationTests.swift */; };
		CEB6A07D297D36330090E8B3 /* Data.framework in Frameworks */ = {isa = PBXBuildFile; fileRef = CE9A6F3E296CEDE1000E5F7E /* Data.framework */; };
		CEB6A094297D3C7C0090E8B3 /* Presentation.framework in Frameworks */ = {isa = PBXBuildFile; fileRef = CEB6A08C297D3C7C0090E8B3 /* Presentation.framework */; };
		CEB6A099297D3C7C0090E8B3 /* SignUpPresenterTests.swift in Sources */ = {isa = PBXBuildFile; fileRef = CEB6A098297D3C7C0090E8B3 /* SignUpPresenterTests.swift */; };
/* End PBXBuildFile section */

/* Begin PBXContainerItemProxy section */
		84B83E4729B26D18000A2319 /* PBXContainerItemProxy */ = {
			isa = PBXContainerItemProxy;
			containerPortal = CE9A6F0E296CEA7E000E5F7E /* Project object */;
			proxyType = 1;
			remoteGlobalIDString = 84B83E3D29B26D18000A2319;
			remoteInfo = UI;
		};
		CE3F899A29AD3888003BE78F /* PBXContainerItemProxy */ = {
			isa = PBXContainerItemProxy;
			containerPortal = CE9A6F0E296CEA7E000E5F7E /* Project object */;
			proxyType = 1;
			remoteGlobalIDString = CE9A6F2B296CEB5A000E5F7E;
			remoteInfo = Domain;
		};
		CE9A6F47296CEDE2000E5F7E /* PBXContainerItemProxy */ = {
			isa = PBXContainerItemProxy;
			containerPortal = CE9A6F0E296CEA7E000E5F7E /* Project object */;
			proxyType = 1;
			remoteGlobalIDString = CE9A6F3D296CEDE1000E5F7E;
			remoteInfo = Data;
		};
		CE9A6F56296CEE0D000E5F7E /* PBXContainerItemProxy */ = {
			isa = PBXContainerItemProxy;
			containerPortal = CE9A6F0E296CEA7E000E5F7E /* Project object */;
			proxyType = 1;
			remoteGlobalIDString = CE9A6F2B296CEB5A000E5F7E;
			remoteInfo = Domain;
		};
		CE9A6F88296D66B8000E5F7E /* PBXContainerItemProxy */ = {
			isa = PBXContainerItemProxy;
			containerPortal = CE9A6F0E296CEA7E000E5F7E /* Project object */;
			proxyType = 1;
			remoteGlobalIDString = CE9A6F7E296D66B7000E5F7E;
			remoteInfo = Infra;
		};
		CE9A6F96296D6819000E5F7E /* PBXContainerItemProxy */ = {
			isa = PBXContainerItemProxy;
			containerPortal = CE9A6F0E296CEA7E000E5F7E /* Project object */;
			proxyType = 1;
			remoteGlobalIDString = CE9A6F3D296CEDE1000E5F7E;
			remoteInfo = Data;
		};
		CEB6A07E297D36330090E8B3 /* PBXContainerItemProxy */ = {
			isa = PBXContainerItemProxy;
			containerPortal = CE9A6F0E296CEA7E000E5F7E /* Project object */;
			proxyType = 1;
			remoteGlobalIDString = CE9A6F3D296CEDE1000E5F7E;
			remoteInfo = Data;
		};
		CEB6A083297D364B0090E8B3 /* PBXContainerItemProxy */ = {
			isa = PBXContainerItemProxy;
			containerPortal = CE9A6F0E296CEA7E000E5F7E /* Project object */;
			proxyType = 1;
			remoteGlobalIDString = CE9A6F2B296CEB5A000E5F7E;
			remoteInfo = Domain;
		};
		CEB6A085297D364F0090E8B3 /* PBXContainerItemProxy */ = {
			isa = PBXContainerItemProxy;
			containerPortal = CE9A6F0E296CEA7E000E5F7E /* Project object */;
			proxyType = 1;
			remoteGlobalIDString = CE9A6F7E296D66B7000E5F7E;
			remoteInfo = Infra;
		};
		CEB6A095297D3C7C0090E8B3 /* PBXContainerItemProxy */ = {
			isa = PBXContainerItemProxy;
			containerPortal = CE9A6F0E296CEA7E000E5F7E /* Project object */;
			proxyType = 1;
			remoteGlobalIDString = CEB6A08B297D3C7C0090E8B3;
			remoteInfo = Presentation;
		};
/* End PBXContainerItemProxy section */

/* Begin PBXCopyFilesBuildPhase section */
		CE9A6F58296CEE0D000E5F7E /* Embed Frameworks */ = {
			isa = PBXCopyFilesBuildPhase;
			buildActionMask = 2147483647;
			dstPath = "";
			dstSubfolderSpec = 10;
			files = (
				CE9A6F55296CEE0D000E5F7E /* Domain.framework in Embed Frameworks */,
			);
			name = "Embed Frameworks";
			runOnlyForDeploymentPostprocessing = 0;
		};
		CE9A6F98296D6819000E5F7E /* Embed Frameworks */ = {
			isa = PBXCopyFilesBuildPhase;
			buildActionMask = 2147483647;
			dstPath = "";
			dstSubfolderSpec = 10;
			files = (
				CE9A6F95296D6819000E5F7E /* Data.framework in Embed Frameworks */,
			);
			name = "Embed Frameworks";
			runOnlyForDeploymentPostprocessing = 0;
		};
/* End PBXCopyFilesBuildPhase section */

/* Begin PBXFileReference section */
		84B83E2629B26844000A2319 /* SignUpViewModel.swift */ = {isa = PBXFileReference; lastKnownFileType = sourcecode.swift; path = SignUpViewModel.swift; sourceTree = "<group>"; };
		84B83E2829B2689B000A2319 /* SignUpMapper.swift */ = {isa = PBXFileReference; lastKnownFileType = sourcecode.swift; path = SignUpMapper.swift; sourceTree = "<group>"; };
		84B83E2C29B26A5F000A2319 /* AlertViewSpy.swift */ = {isa = PBXFileReference; lastKnownFileType = sourcecode.swift; path = AlertViewSpy.swift; sourceTree = "<group>"; };
		84B83E2F29B26AAD000A2319 /* EmailValidatorSpy.swift */ = {isa = PBXFileReference; lastKnownFileType = sourcecode.swift; path = EmailValidatorSpy.swift; sourceTree = "<group>"; };
		84B83E3229B26AF6000A2319 /* AddAccountSpy.swift */ = {isa = PBXFileReference; lastKnownFileType = sourcecode.swift; path = AddAccountSpy.swift; sourceTree = "<group>"; };
		84B83E3429B26B3D000A2319 /* LoadingViewSpy.swift */ = {isa = PBXFileReference; lastKnownFileType = sourcecode.swift; name = LoadingViewSpy.swift; path = ../../../../LoadingViewSpy.swift; sourceTree = "<group>"; };
		84B83E3729B26BC0000A2319 /* TestFactories.swift */ = {isa = PBXFileReference; lastKnownFileType = sourcecode.swift; path = TestFactories.swift; sourceTree = "<group>"; };
		84B83E3E29B26D18000A2319 /* UI.framework */ = {isa = PBXFileReference; explicitFileType = wrapper.framework; includeInIndex = 0; path = UI.framework; sourceTree = BUILT_PRODUCTS_DIR; };
		84B83E4529B26D18000A2319 /* UITests.xctest */ = {isa = PBXFileReference; explicitFileType = wrapper.cfbundle; includeInIndex = 0; path = UITests.xctest; sourceTree = BUILT_PRODUCTS_DIR; };
		84B83E4A29B26D18000A2319 /* SignUpViewController.swift */ = {isa = PBXFileReference; lastKnownFileType = sourcecode.swift; path = SignUpViewController.swift; sourceTree = "<group>"; };
		CE3F899829AD3857003BE78F /* SignUpPresenter.swift */ = {isa = PBXFileReference; lastKnownFileType = sourcecode.swift; path = SignUpPresenter.swift; sourceTree = "<group>"; };
		CE3F899D29AD392E003BE78F /* AlertView.swift */ = {isa = PBXFileReference; lastKnownFileType = sourcecode.swift; path = AlertView.swift; sourceTree = "<group>"; };
		CE3F89A229AD3DC5003BE78F /* EmailValidator.swift */ = {isa = PBXFileReference; lastKnownFileType = sourcecode.swift; path = EmailValidator.swift; sourceTree = "<group>"; };
		CE3F89A629AD5589003BE78F /* LoadingView.swift */ = {isa = PBXFileReference; lastKnownFileType = sourcecode.swift; path = LoadingView.swift; sourceTree = "<group>"; };
		CE9A6F16296CEA7F000E5F7E /* CleanApp.app */ = {isa = PBXFileReference; explicitFileType = wrapper.application; includeInIndex = 0; path = CleanApp.app; sourceTree = BUILT_PRODUCTS_DIR; };
		CE9A6F2C296CEB5A000E5F7E /* Domain.framework */ = {isa = PBXFileReference; explicitFileType = wrapper.framework; includeInIndex = 0; path = Domain.framework; sourceTree = BUILT_PRODUCTS_DIR; };
		CE9A6F35296CEC1C000E5F7E /* AddAccount.swift */ = {isa = PBXFileReference; lastKnownFileType = sourcecode.swift; path = AddAccount.swift; sourceTree = "<group>"; };
		CE9A6F37296CED45000E5F7E /* AccountModel.swift */ = {isa = PBXFileReference; lastKnownFileType = sourcecode.swift; path = AccountModel.swift; sourceTree = "<group>"; };
		CE9A6F3E296CEDE1000E5F7E /* Data.framework */ = {isa = PBXFileReference; explicitFileType = wrapper.framework; includeInIndex = 0; path = Data.framework; sourceTree = BUILT_PRODUCTS_DIR; };
		CE9A6F45296CEDE2000E5F7E /* DataTests.xctest */ = {isa = PBXFileReference; explicitFileType = wrapper.cfbundle; includeInIndex = 0; path = DataTests.xctest; sourceTree = BUILT_PRODUCTS_DIR; };
		CE9A6F4A296CEDE2000E5F7E /* RemoteAddAccountTests.swift */ = {isa = PBXFileReference; lastKnownFileType = sourcecode.swift; path = RemoteAddAccountTests.swift; sourceTree = "<group>"; };
		CE9A6F59296D0B62000E5F7E /* Model.swift */ = {isa = PBXFileReference; lastKnownFileType = sourcecode.swift; path = Model.swift; sourceTree = "<group>"; };
		CE9A6F5B296D0C02000E5F7E /* RemoteAddAccount.swift */ = {isa = PBXFileReference; lastKnownFileType = sourcecode.swift; path = RemoteAddAccount.swift; sourceTree = "<group>"; };
		CE9A6F5D296D0C3D000E5F7E /* HttpPostClient.swift */ = {isa = PBXFileReference; lastKnownFileType = sourcecode.swift; path = HttpPostClient.swift; sourceTree = "<group>"; };
		CE9A6F67296D1036000E5F7E /* DomainError.swift */ = {isa = PBXFileReference; lastKnownFileType = sourcecode.swift; path = DomainError.swift; sourceTree = "<group>"; };
		CE9A6F6A296D1246000E5F7E /* HttpError.swift */ = {isa = PBXFileReference; lastKnownFileType = sourcecode.swift; path = HttpError.swift; sourceTree = "<group>"; };
		CE9A6F6D296D1A1C000E5F7E /* ExtensionHelpers.swift */ = {isa = PBXFileReference; lastKnownFileType = sourcecode.swift; path = ExtensionHelpers.swift; sourceTree = "<group>"; };
		CE9A6F70296D23D9000E5F7E /* TestExtensions.swift */ = {isa = PBXFileReference; lastKnownFileType = sourcecode.swift; path = TestExtensions.swift; sourceTree = "<group>"; };
		CE9A6F72296D244F000E5F7E /* TestFactories.swift */ = {isa = PBXFileReference; lastKnownFileType = sourcecode.swift; path = TestFactories.swift; sourceTree = "<group>"; };
		CE9A6F76296D24B0000E5F7E /* HttpClientSpy.swift */ = {isa = PBXFileReference; lastKnownFileType = sourcecode.swift; path = HttpClientSpy.swift; sourceTree = "<group>"; };
		CE9A6F78296D2506000E5F7E /* AccountModelFactory.swift */ = {isa = PBXFileReference; lastKnownFileType = sourcecode.swift; path = AccountModelFactory.swift; sourceTree = "<group>"; };
		CE9A6F7F296D66B7000E5F7E /* Infra.framework */ = {isa = PBXFileReference; explicitFileType = wrapper.framework; includeInIndex = 0; path = Infra.framework; sourceTree = BUILT_PRODUCTS_DIR; };
		CE9A6F86296D66B8000E5F7E /* InfraTests.xctest */ = {isa = PBXFileReference; explicitFileType = wrapper.cfbundle; includeInIndex = 0; path = InfraTests.xctest; sourceTree = BUILT_PRODUCTS_DIR; };
		CE9A6F8B296D66B8000E5F7E /* AlamofireAdapterTests.swift */ = {isa = PBXFileReference; lastKnownFileType = sourcecode.swift; path = AlamofireAdapterTests.swift; sourceTree = "<group>"; };
		CEB6A06F297D30FE0090E8B3 /* AlamofireAdaptar.swift */ = {isa = PBXFileReference; lastKnownFileType = sourcecode.swift; path = AlamofireAdaptar.swift; sourceTree = "<group>"; };
		CEB6A073297D31C60090E8B3 /* UrlProtocolStub.swift */ = {isa = PBXFileReference; lastKnownFileType = sourcecode.swift; path = UrlProtocolStub.swift; sourceTree = "<group>"; };
		CEB6A079297D36330090E8B3 /* UseCasesIntegrationTests.xctest */ = {isa = PBXFileReference; explicitFileType = wrapper.cfbundle; includeInIndex = 0; path = UseCasesIntegrationTests.xctest; sourceTree = BUILT_PRODUCTS_DIR; };
		CEB6A07B297D36330090E8B3 /* AddAccountIntegrationTests.swift */ = {isa = PBXFileReference; lastKnownFileType = sourcecode.swift; path = AddAccountIntegrationTests.swift; sourceTree = "<group>"; };
		CEB6A08C297D3C7C0090E8B3 /* Presentation.framework */ = {isa = PBXFileReference; explicitFileType = wrapper.framework; includeInIndex = 0; path = Presentation.framework; sourceTree = BUILT_PRODUCTS_DIR; };
		CEB6A093297D3C7C0090E8B3 /* PresentationTests.xctest */ = {isa = PBXFileReference; explicitFileType = wrapper.cfbundle; includeInIndex = 0; path = PresentationTests.xctest; sourceTree = BUILT_PRODUCTS_DIR; };
		CEB6A098297D3C7C0090E8B3 /* SignUpPresenterTests.swift */ = {isa = PBXFileReference; lastKnownFileType = sourcecode.swift; path = SignUpPresenterTests.swift; sourceTree = "<group>"; };
/* End PBXFileReference section */

/* Begin PBXFrameworksBuildPhase section */
		84B83E3B29B26D18000A2319 /* Frameworks */ = {
			isa = PBXFrameworksBuildPhase;
			buildActionMask = 2147483647;
			files = (
			);
			runOnlyForDeploymentPostprocessing = 0;
		};
		84B83E4229B26D18000A2319 /* Frameworks */ = {
			isa = PBXFrameworksBuildPhase;
			buildActionMask = 2147483647;
			files = (
				84B83E4629B26D18000A2319 /* UI.framework in Frameworks */,
			);
			runOnlyForDeploymentPostprocessing = 0;
		};
		CE9A6F13296CEA7F000E5F7E /* Frameworks */ = {
			isa = PBXFrameworksBuildPhase;
			buildActionMask = 2147483647;
			files = (
			);
			runOnlyForDeploymentPostprocessing = 0;
		};
		CE9A6F29296CEB5A000E5F7E /* Frameworks */ = {
			isa = PBXFrameworksBuildPhase;
			buildActionMask = 2147483647;
			files = (
			);
			runOnlyForDeploymentPostprocessing = 0;
		};
		CE9A6F3B296CEDE1000E5F7E /* Frameworks */ = {
			isa = PBXFrameworksBuildPhase;
			buildActionMask = 2147483647;
			files = (
				CE9A6F54296CEE0C000E5F7E /* Domain.framework in Frameworks */,
			);
			runOnlyForDeploymentPostprocessing = 0;
		};
		CE9A6F42296CEDE2000E5F7E /* Frameworks */ = {
			isa = PBXFrameworksBuildPhase;
			buildActionMask = 2147483647;
			files = (
				CE9A6F46296CEDE2000E5F7E /* Data.framework in Frameworks */,
			);
			runOnlyForDeploymentPostprocessing = 0;
		};
		CE9A6F7C296D66B7000E5F7E /* Frameworks */ = {
			isa = PBXFrameworksBuildPhase;
			buildActionMask = 2147483647;
			files = (
				CE9A6F94296D6819000E5F7E /* Data.framework in Frameworks */,
				CE9A6F9D296D68F7000E5F7E /* Alamofire in Frameworks */,
			);
			runOnlyForDeploymentPostprocessing = 0;
		};
		CE9A6F83296D66B8000E5F7E /* Frameworks */ = {
			isa = PBXFrameworksBuildPhase;
			buildActionMask = 2147483647;
			files = (
				CE9A6F87296D66B8000E5F7E /* Infra.framework in Frameworks */,
			);
			runOnlyForDeploymentPostprocessing = 0;
		};
		CEB6A076297D36330090E8B3 /* Frameworks */ = {
			isa = PBXFrameworksBuildPhase;
			buildActionMask = 2147483647;
			files = (
				CEB6A07D297D36330090E8B3 /* Data.framework in Frameworks */,
			);
			runOnlyForDeploymentPostprocessing = 0;
		};
		CEB6A089297D3C7C0090E8B3 /* Frameworks */ = {
			isa = PBXFrameworksBuildPhase;
			buildActionMask = 2147483647;
			files = (
			);
			runOnlyForDeploymentPostprocessing = 0;
		};
		CEB6A090297D3C7C0090E8B3 /* Frameworks */ = {
			isa = PBXFrameworksBuildPhase;
			buildActionMask = 2147483647;
			files = (
				CEB6A094297D3C7C0090E8B3 /* Presentation.framework in Frameworks */,
			);
			runOnlyForDeploymentPostprocessing = 0;
		};
/* End PBXFrameworksBuildPhase section */

/* Begin PBXGroup section */
		84B83E2529B2682D000A2319 /* SignUp */ = {
			isa = PBXGroup;
			children = (
				84B83E2629B26844000A2319 /* SignUpViewModel.swift */,
				84B83E2829B2689B000A2319 /* SignUpMapper.swift */,
			);
			path = SignUp;
			sourceTree = "<group>";
		};
		84B83E2A29B26971000A2319 /* SignUp */ = {
			isa = PBXGroup;
			children = (
				CEB6A098297D3C7C0090E8B3 /* SignUpPresenterTests.swift */,
			);
			path = SignUp;
			sourceTree = "<group>";
		};
		84B83E2B29B269BF000A2319 /* Views */ = {
			isa = PBXGroup;
			children = (
				84B83E2C29B26A5F000A2319 /* AlertViewSpy.swift */,
				84B83E3429B26B3D000A2319 /* LoadingViewSpy.swift */,
			);
			path = Views;
			sourceTree = "<group>";
		};
		84B83E2E29B26A9B000A2319 /* Validators */ = {
			isa = PBXGroup;
			children = (
				84B83E2F29B26AAD000A2319 /* EmailValidatorSpy.swift */,
			);
			path = Validators;
			sourceTree = "<group>";
		};
		84B83E3129B26AE4000A2319 /* UseCases */ = {
			isa = PBXGroup;
			children = (
				84B83E3229B26AF6000A2319 /* AddAccountSpy.swift */,
			);
			path = UseCases;
			sourceTree = "<group>";
		};
		84B83E3629B26BB3000A2319 /* Helpers */ = {
			isa = PBXGroup;
			children = (
				84B83E3729B26BC0000A2319 /* TestFactories.swift */,
			);
			path = Helpers;
			sourceTree = "<group>";
		};
		84B83E3F29B26D18000A2319 /* UI */ = {
			isa = PBXGroup;
			children = (
			);
			path = UI;
			sourceTree = "<group>";
		};
		84B83E4929B26D18000A2319 /* UITests */ = {
			isa = PBXGroup;
			children = (
				84B83E4A29B26D18000A2319 /* SignUpViewController.swift */,
			);
			path = UITests;
			sourceTree = "<group>";
		};
		CE3F899C29AD3916003BE78F /* Views */ = {
			isa = PBXGroup;
			children = (
				CE3F899D29AD392E003BE78F /* AlertView.swift */,
				CE3F89A629AD5589003BE78F /* LoadingView.swift */,
			);
			path = Views;
			sourceTree = "<group>";
		};
		CE3F899F29AD3955003BE78F /* Presenters */ = {
			isa = PBXGroup;
			children = (
				84B83E2529B2682D000A2319 /* SignUp */,
				CE3F899829AD3857003BE78F /* SignUpPresenter.swift */,
			);
			path = Presenters;
			sourceTree = "<group>";
		};
		CE3F89A029AD3B38003BE78F /* Presenters */ = {
			isa = PBXGroup;
			children = (
				84B83E2A29B26971000A2319 /* SignUp */,
			);
			path = Presenters;
			sourceTree = "<group>";
		};
		CE3F89A129AD3DB0003BE78F /* Validators */ = {
			isa = PBXGroup;
			children = (
				CE3F89A229AD3DC5003BE78F /* EmailValidator.swift */,
			);
			path = Validators;
			sourceTree = "<group>";
		};
		CE9A6F0D296CEA7E000E5F7E = {
			isa = PBXGroup;
			children = (
				CE9A6F2D296CEB5A000E5F7E /* Domain */,
				CE9A6F3F296CEDE1000E5F7E /* Data */,
				CE9A6F49296CEDE2000E5F7E /* DataTests */,
				CE9A6F80296D66B7000E5F7E /* Infra */,
				CE9A6F8A296D66B8000E5F7E /* InfraTests */,
				CEB6A07A297D36330090E8B3 /* UseCasesIntegrationTests */,
				CEB6A08D297D3C7C0090E8B3 /* Presentation */,
				CEB6A097297D3C7C0090E8B3 /* PresentationTests */,
				84B83E3F29B26D18000A2319 /* UI */,
				84B83E4929B26D18000A2319 /* UITests */,
				CE9A6F17296CEA7F000E5F7E /* Products */,
				CE9A6F53296CEE0C000E5F7E /* Frameworks */,
			);
			sourceTree = "<group>";
		};
		CE9A6F17296CEA7F000E5F7E /* Products */ = {
			isa = PBXGroup;
			children = (
				CE9A6F16296CEA7F000E5F7E /* CleanApp.app */,
				CE9A6F2C296CEB5A000E5F7E /* Domain.framework */,
				CE9A6F3E296CEDE1000E5F7E /* Data.framework */,
				CE9A6F45296CEDE2000E5F7E /* DataTests.xctest */,
				CE9A6F7F296D66B7000E5F7E /* Infra.framework */,
				CE9A6F86296D66B8000E5F7E /* InfraTests.xctest */,
				CEB6A079297D36330090E8B3 /* UseCasesIntegrationTests.xctest */,
				CEB6A08C297D3C7C0090E8B3 /* Presentation.framework */,
				CEB6A093297D3C7C0090E8B3 /* PresentationTests.xctest */,
				84B83E3E29B26D18000A2319 /* UI.framework */,
				84B83E4529B26D18000A2319 /* UITests.xctest */,
			);
			name = Products;
			sourceTree = "<group>";
		};
		CE9A6F2D296CEB5A000E5F7E /* Domain */ = {
			isa = PBXGroup;
			children = (
				CE9A6F63296D0D33000E5F7E /* Models */,
				CE9A6F62296D0D1D000E5F7E /* UseCases */,
				CE9A6F69296D103A000E5F7E /* Errors */,
			);
			path = Domain;
			sourceTree = "<group>";
		};
		CE9A6F3F296CEDE1000E5F7E /* Data */ = {
			isa = PBXGroup;
			children = (
				CE9A6F6C296D19F8000E5F7E /* Helpers */,
				CE9A6F64296D0D4B000E5F7E /* UseCases */,
				CE9A6F65296D0D5D000E5F7E /* Http */,
			);
			path = Data;
			sourceTree = "<group>";
		};
		CE9A6F49296CEDE2000E5F7E /* DataTests */ = {
			isa = PBXGroup;
			children = (
				CE9A6F6F296D23B7000E5F7E /* Helpers */,
				CE9A6F66296D0D92000E5F7E /* UseCases */,
				CE9A6F75296D24A0000E5F7E /* Http */,
			);
			path = DataTests;
			sourceTree = "<group>";
		};
		CE9A6F53296CEE0C000E5F7E /* Frameworks */ = {
			isa = PBXGroup;
			children = (
			);
			name = Frameworks;
			sourceTree = "<group>";
		};
		CE9A6F62296D0D1D000E5F7E /* UseCases */ = {
			isa = PBXGroup;
			children = (
				CE9A6F35296CEC1C000E5F7E /* AddAccount.swift */,
			);
			path = UseCases;
			sourceTree = "<group>";
		};
		CE9A6F63296D0D33000E5F7E /* Models */ = {
			isa = PBXGroup;
			children = (
				CE9A6F37296CED45000E5F7E /* AccountModel.swift */,
				CE9A6F59296D0B62000E5F7E /* Model.swift */,
			);
			path = Models;
			sourceTree = "<group>";
		};
		CE9A6F64296D0D4B000E5F7E /* UseCases */ = {
			isa = PBXGroup;
			children = (
				CE9A6F5B296D0C02000E5F7E /* RemoteAddAccount.swift */,
			);
			path = UseCases;
			sourceTree = "<group>";
		};
		CE9A6F65296D0D5D000E5F7E /* Http */ = {
			isa = PBXGroup;
			children = (
				CE9A6F5D296D0C3D000E5F7E /* HttpPostClient.swift */,
				CE9A6F6A296D1246000E5F7E /* HttpError.swift */,
			);
			path = Http;
			sourceTree = "<group>";
		};
		CE9A6F66296D0D92000E5F7E /* UseCases */ = {
			isa = PBXGroup;
			children = (
				CE9A6F4A296CEDE2000E5F7E /* RemoteAddAccountTests.swift */,
			);
			path = UseCases;
			sourceTree = "<group>";
		};
		CE9A6F69296D103A000E5F7E /* Errors */ = {
			isa = PBXGroup;
			children = (
				CE9A6F67296D1036000E5F7E /* DomainError.swift */,
			);
			path = Errors;
			sourceTree = "<group>";
		};
		CE9A6F6C296D19F8000E5F7E /* Helpers */ = {
			isa = PBXGroup;
			children = (
				CE9A6F6D296D1A1C000E5F7E /* ExtensionHelpers.swift */,
			);
			path = Helpers;
			sourceTree = "<group>";
		};
		CE9A6F6F296D23B7000E5F7E /* Helpers */ = {
			isa = PBXGroup;
			children = (
				CE9A6F70296D23D9000E5F7E /* TestExtensions.swift */,
				CE9A6F72296D244F000E5F7E /* TestFactories.swift */,
				CE9A6F78296D2506000E5F7E /* AccountModelFactory.swift */,
			);
			path = Helpers;
			sourceTree = "<group>";
		};
		CE9A6F75296D24A0000E5F7E /* Http */ = {
			isa = PBXGroup;
			children = (
				CE9A6F76296D24B0000E5F7E /* HttpClientSpy.swift */,
			);
			path = Http;
			sourceTree = "<group>";
		};
		CE9A6F80296D66B7000E5F7E /* Infra */ = {
			isa = PBXGroup;
			children = (
				CEB6A071297D31650090E8B3 /* Http */,
			);
			path = Infra;
			sourceTree = "<group>";
		};
		CE9A6F8A296D66B8000E5F7E /* InfraTests */ = {
			isa = PBXGroup;
			children = (
				CEB6A072297D31B10090E8B3 /* Http */,
			);
			path = InfraTests;
			sourceTree = "<group>";
		};
		CEB6A071297D31650090E8B3 /* Http */ = {
			isa = PBXGroup;
			children = (
				CEB6A06F297D30FE0090E8B3 /* AlamofireAdaptar.swift */,
			);
			path = Http;
			sourceTree = "<group>";
		};
		CEB6A072297D31B10090E8B3 /* Http */ = {
			isa = PBXGroup;
			children = (
				CE9A6F8B296D66B8000E5F7E /* AlamofireAdapterTests.swift */,
				CEB6A073297D31C60090E8B3 /* UrlProtocolStub.swift */,
			);
			path = Http;
			sourceTree = "<group>";
		};
		CEB6A07A297D36330090E8B3 /* UseCasesIntegrationTests */ = {
			isa = PBXGroup;
			children = (
				CEB6A07B297D36330090E8B3 /* AddAccountIntegrationTests.swift */,
			);
			path = UseCasesIntegrationTests;
			sourceTree = "<group>";
		};
		CEB6A08D297D3C7C0090E8B3 /* Presentation */ = {
			isa = PBXGroup;
			children = (
				CE3F89A129AD3DB0003BE78F /* Validators */,
				CE3F899C29AD3916003BE78F /* Views */,
				CE3F899F29AD3955003BE78F /* Presenters */,
			);
			path = Presentation;
			sourceTree = "<group>";
		};
		CEB6A097297D3C7C0090E8B3 /* PresentationTests */ = {
			isa = PBXGroup;
			children = (
				84B83E3629B26BB3000A2319 /* Helpers */,
				84B83E3129B26AE4000A2319 /* UseCases */,
				84B83E2E29B26A9B000A2319 /* Validators */,
				84B83E2B29B269BF000A2319 /* Views */,
				CE3F89A029AD3B38003BE78F /* Presenters */,
			);
			path = PresentationTests;
			sourceTree = "<group>";
		};
/* End PBXGroup section */

/* Begin PBXHeadersBuildPhase section */
		84B83E3929B26D18000A2319 /* Headers */ = {
			isa = PBXHeadersBuildPhase;
			buildActionMask = 2147483647;
			files = (
			);
			runOnlyForDeploymentPostprocessing = 0;
		};
		CE9A6F27296CEB5A000E5F7E /* Headers */ = {
			isa = PBXHeadersBuildPhase;
			buildActionMask = 2147483647;
			files = (
			);
			runOnlyForDeploymentPostprocessing = 0;
		};
		CE9A6F39296CEDE1000E5F7E /* Headers */ = {
			isa = PBXHeadersBuildPhase;
			buildActionMask = 2147483647;
			files = (
			);
			runOnlyForDeploymentPostprocessing = 0;
		};
		CE9A6F7A296D66B7000E5F7E /* Headers */ = {
			isa = PBXHeadersBuildPhase;
			buildActionMask = 2147483647;
			files = (
			);
			runOnlyForDeploymentPostprocessing = 0;
		};
		CEB6A087297D3C7C0090E8B3 /* Headers */ = {
			isa = PBXHeadersBuildPhase;
			buildActionMask = 2147483647;
			files = (
			);
			runOnlyForDeploymentPostprocessing = 0;
		};
/* End PBXHeadersBuildPhase section */

/* Begin PBXNativeTarget section */
		84B83E3D29B26D18000A2319 /* UI */ = {
			isa = PBXNativeTarget;
			buildConfigurationList = 84B83E4D29B26D18000A2319 /* Build configuration list for PBXNativeTarget "UI" */;
			buildPhases = (
				84B83E3929B26D18000A2319 /* Headers */,
				84B83E3A29B26D18000A2319 /* Sources */,
				84B83E3B29B26D18000A2319 /* Frameworks */,
				84B83E3C29B26D18000A2319 /* Resources */,
			);
			buildRules = (
			);
			dependencies = (
			);
			name = UI;
			productName = UI;
			productReference = 84B83E3E29B26D18000A2319 /* UI.framework */;
			productType = "com.apple.product-type.framework";
		};
		84B83E4429B26D18000A2319 /* UITests */ = {
			isa = PBXNativeTarget;
			buildConfigurationList = 84B83E5029B26D18000A2319 /* Build configuration list for PBXNativeTarget "UITests" */;
			buildPhases = (
				84B83E4129B26D18000A2319 /* Sources */,
				84B83E4229B26D18000A2319 /* Frameworks */,
				84B83E4329B26D18000A2319 /* Resources */,
			);
			buildRules = (
			);
			dependencies = (
				84B83E4829B26D18000A2319 /* PBXTargetDependency */,
			);
			name = UITests;
			productName = UITests;
			productReference = 84B83E4529B26D18000A2319 /* UITests.xctest */;
			productType = "com.apple.product-type.bundle.unit-test";
		};
		CE9A6F15296CEA7F000E5F7E /* CleanApp */ = {
			isa = PBXNativeTarget;
			buildConfigurationList = CE9A6F24296CEA85000E5F7E /* Build configuration list for PBXNativeTarget "CleanApp" */;
			buildPhases = (
				CE9A6F12296CEA7F000E5F7E /* Sources */,
				CE9A6F13296CEA7F000E5F7E /* Frameworks */,
				CE9A6F14296CEA7F000E5F7E /* Resources */,
			);
			buildRules = (
			);
			dependencies = (
			);
			name = CleanApp;
			productName = CleanApp;
			productReference = CE9A6F16296CEA7F000E5F7E /* CleanApp.app */;
			productType = "com.apple.product-type.application";
		};
		CE9A6F2B296CEB5A000E5F7E /* Domain */ = {
			isa = PBXNativeTarget;
			buildConfigurationList = CE9A6F32296CEB5A000E5F7E /* Build configuration list for PBXNativeTarget "Domain" */;
			buildPhases = (
				CE9A6F27296CEB5A000E5F7E /* Headers */,
				CE9A6F28296CEB5A000E5F7E /* Sources */,
				CE9A6F29296CEB5A000E5F7E /* Frameworks */,
				CE9A6F2A296CEB5A000E5F7E /* Resources */,
			);
			buildRules = (
			);
			dependencies = (
			);
			name = Domain;
			productName = Domain;
			productReference = CE9A6F2C296CEB5A000E5F7E /* Domain.framework */;
			productType = "com.apple.product-type.framework";
		};
		CE9A6F3D296CEDE1000E5F7E /* Data */ = {
			isa = PBXNativeTarget;
			buildConfigurationList = CE9A6F4D296CEDE2000E5F7E /* Build configuration list for PBXNativeTarget "Data" */;
			buildPhases = (
				CE9A6F39296CEDE1000E5F7E /* Headers */,
				CE9A6F3A296CEDE1000E5F7E /* Sources */,
				CE9A6F3B296CEDE1000E5F7E /* Frameworks */,
				CE9A6F3C296CEDE1000E5F7E /* Resources */,
				CE9A6F58296CEE0D000E5F7E /* Embed Frameworks */,
			);
			buildRules = (
			);
			dependencies = (
				CE9A6F57296CEE0D000E5F7E /* PBXTargetDependency */,
			);
			name = Data;
			productName = Data;
			productReference = CE9A6F3E296CEDE1000E5F7E /* Data.framework */;
			productType = "com.apple.product-type.framework";
		};
		CE9A6F44296CEDE2000E5F7E /* DataTests */ = {
			isa = PBXNativeTarget;
			buildConfigurationList = CE9A6F50296CEDE2000E5F7E /* Build configuration list for PBXNativeTarget "DataTests" */;
			buildPhases = (
				CE9A6F41296CEDE2000E5F7E /* Sources */,
				CE9A6F42296CEDE2000E5F7E /* Frameworks */,
				CE9A6F43296CEDE2000E5F7E /* Resources */,
			);
			buildRules = (
			);
			dependencies = (
				CE9A6F48296CEDE2000E5F7E /* PBXTargetDependency */,
			);
			name = DataTests;
			productName = DataTests;
			productReference = CE9A6F45296CEDE2000E5F7E /* DataTests.xctest */;
			productType = "com.apple.product-type.bundle.unit-test";
		};
		CE9A6F7E296D66B7000E5F7E /* Infra */ = {
			isa = PBXNativeTarget;
			buildConfigurationList = CE9A6F8E296D66B8000E5F7E /* Build configuration list for PBXNativeTarget "Infra" */;
			buildPhases = (
				CE9A6F7A296D66B7000E5F7E /* Headers */,
				CE9A6F7B296D66B7000E5F7E /* Sources */,
				CE9A6F7C296D66B7000E5F7E /* Frameworks */,
				CE9A6F7D296D66B7000E5F7E /* Resources */,
				CE9A6F98296D6819000E5F7E /* Embed Frameworks */,
			);
			buildRules = (
			);
			dependencies = (
				CE9A6F97296D6819000E5F7E /* PBXTargetDependency */,
			);
			name = Infra;
			packageProductDependencies = (
				CE9A6F9C296D68F7000E5F7E /* Alamofire */,
			);
			productName = Infra;
			productReference = CE9A6F7F296D66B7000E5F7E /* Infra.framework */;
			productType = "com.apple.product-type.framework";
		};
		CE9A6F85296D66B8000E5F7E /* InfraTests */ = {
			isa = PBXNativeTarget;
			buildConfigurationList = CE9A6F91296D66B8000E5F7E /* Build configuration list for PBXNativeTarget "InfraTests" */;
			buildPhases = (
				CE9A6F82296D66B8000E5F7E /* Sources */,
				CE9A6F83296D66B8000E5F7E /* Frameworks */,
				CE9A6F84296D66B8000E5F7E /* Resources */,
			);
			buildRules = (
			);
			dependencies = (
				CE9A6F89296D66B8000E5F7E /* PBXTargetDependency */,
			);
			name = InfraTests;
			productName = InfraTests;
			productReference = CE9A6F86296D66B8000E5F7E /* InfraTests.xctest */;
			productType = "com.apple.product-type.bundle.unit-test";
		};
		CEB6A078297D36330090E8B3 /* UseCasesIntegrationTests */ = {
			isa = PBXNativeTarget;
			buildConfigurationList = CEB6A080297D36330090E8B3 /* Build configuration list for PBXNativeTarget "UseCasesIntegrationTests" */;
			buildPhases = (
				CEB6A075297D36330090E8B3 /* Sources */,
				CEB6A076297D36330090E8B3 /* Frameworks */,
				CEB6A077297D36330090E8B3 /* Resources */,
			);
			buildRules = (
			);
			dependencies = (
				CEB6A086297D364F0090E8B3 /* PBXTargetDependency */,
				CEB6A084297D364B0090E8B3 /* PBXTargetDependency */,
				CEB6A07F297D36330090E8B3 /* PBXTargetDependency */,
			);
			name = UseCasesIntegrationTests;
			productName = UseCasesIntegrationTests;
			productReference = CEB6A079297D36330090E8B3 /* UseCasesIntegrationTests.xctest */;
			productType = "com.apple.product-type.bundle.unit-test";
		};
		CEB6A08B297D3C7C0090E8B3 /* Presentation */ = {
			isa = PBXNativeTarget;
			buildConfigurationList = CEB6A09B297D3C7C0090E8B3 /* Build configuration list for PBXNativeTarget "Presentation" */;
			buildPhases = (
				CEB6A087297D3C7C0090E8B3 /* Headers */,
				CEB6A088297D3C7C0090E8B3 /* Sources */,
				CEB6A089297D3C7C0090E8B3 /* Frameworks */,
				CEB6A08A297D3C7C0090E8B3 /* Resources */,
			);
			buildRules = (
			);
			dependencies = (
				CE3F899B29AD3888003BE78F /* PBXTargetDependency */,
			);
			name = Presentation;
			productName = Presentation;
			productReference = CEB6A08C297D3C7C0090E8B3 /* Presentation.framework */;
			productType = "com.apple.product-type.framework";
		};
		CEB6A092297D3C7C0090E8B3 /* PresentationTests */ = {
			isa = PBXNativeTarget;
			buildConfigurationList = CEB6A09E297D3C7C0090E8B3 /* Build configuration list for PBXNativeTarget "PresentationTests" */;
			buildPhases = (
				CEB6A08F297D3C7C0090E8B3 /* Sources */,
				CEB6A090297D3C7C0090E8B3 /* Frameworks */,
				CEB6A091297D3C7C0090E8B3 /* Resources */,
			);
			buildRules = (
			);
			dependencies = (
				CEB6A096297D3C7C0090E8B3 /* PBXTargetDependency */,
			);
			name = PresentationTests;
			productName = PresentationTests;
			productReference = CEB6A093297D3C7C0090E8B3 /* PresentationTests.xctest */;
			productType = "com.apple.product-type.bundle.unit-test";
		};
/* End PBXNativeTarget section */

/* Begin PBXProject section */
		CE9A6F0E296CEA7E000E5F7E /* Project object */ = {
			isa = PBXProject;
			attributes = {
				BuildIndependentTargetsInParallel = 1;
				LastSwiftUpdateCheck = 1420;
				LastUpgradeCheck = 1340;
				TargetAttributes = {
					84B83E3D29B26D18000A2319 = {
						CreatedOnToolsVersion = 14.2;
					};
					84B83E4429B26D18000A2319 = {
						CreatedOnToolsVersion = 14.2;
					};
					CE9A6F15296CEA7F000E5F7E = {
						CreatedOnToolsVersion = 13.4;
					};
					CE9A6F2B296CEB5A000E5F7E = {
						CreatedOnToolsVersion = 13.4;
						LastSwiftMigration = 1340;
					};
					CE9A6F3D296CEDE1000E5F7E = {
						CreatedOnToolsVersion = 13.4;
						LastSwiftMigration = 1340;
					};
					CE9A6F44296CEDE2000E5F7E = {
						CreatedOnToolsVersion = 13.4;
					};
					CE9A6F7E296D66B7000E5F7E = {
						CreatedOnToolsVersion = 13.4;
						LastSwiftMigration = 1340;
					};
					CE9A6F85296D66B8000E5F7E = {
						CreatedOnToolsVersion = 13.4;
					};
					CEB6A078297D36330090E8B3 = {
						CreatedOnToolsVersion = 13.4;
					};
					CEB6A08B297D3C7C0090E8B3 = {
						CreatedOnToolsVersion = 13.4;
						LastSwiftMigration = 1340;
					};
					CEB6A092297D3C7C0090E8B3 = {
						CreatedOnToolsVersion = 13.4;
					};
				};
			};
			buildConfigurationList = CE9A6F11296CEA7E000E5F7E /* Build configuration list for PBXProject "CleanApp" */;
			compatibilityVersion = "Xcode 13.0";
			developmentRegion = en;
			hasScannedForEncodings = 0;
			knownRegions = (
				en,
				Base,
			);
			mainGroup = CE9A6F0D296CEA7E000E5F7E;
			packageReferences = (
				CE9A6F9B296D68F7000E5F7E /* XCRemoteSwiftPackageReference "Alamofire" */,
			);
			productRefGroup = CE9A6F17296CEA7F000E5F7E /* Products */;
			projectDirPath = "";
			projectRoot = "";
			targets = (
				CE9A6F15296CEA7F000E5F7E /* CleanApp */,
				CE9A6F2B296CEB5A000E5F7E /* Domain */,
				CE9A6F3D296CEDE1000E5F7E /* Data */,
				CE9A6F44296CEDE2000E5F7E /* DataTests */,
				CE9A6F7E296D66B7000E5F7E /* Infra */,
				CE9A6F85296D66B8000E5F7E /* InfraTests */,
				CEB6A078297D36330090E8B3 /* UseCasesIntegrationTests */,
				CEB6A08B297D3C7C0090E8B3 /* Presentation */,
				CEB6A092297D3C7C0090E8B3 /* PresentationTests */,
				84B83E3D29B26D18000A2319 /* UI */,
				84B83E4429B26D18000A2319 /* UITests */,
			);
		};
/* End PBXProject section */

/* Begin PBXResourcesBuildPhase section */
		84B83E3C29B26D18000A2319 /* Resources */ = {
			isa = PBXResourcesBuildPhase;
			buildActionMask = 2147483647;
			files = (
			);
			runOnlyForDeploymentPostprocessing = 0;
		};
		84B83E4329B26D18000A2319 /* Resources */ = {
			isa = PBXResourcesBuildPhase;
			buildActionMask = 2147483647;
			files = (
			);
			runOnlyForDeploymentPostprocessing = 0;
		};
		CE9A6F14296CEA7F000E5F7E /* Resources */ = {
			isa = PBXResourcesBuildPhase;
			buildActionMask = 2147483647;
			files = (
			);
			runOnlyForDeploymentPostprocessing = 0;
		};
		CE9A6F2A296CEB5A000E5F7E /* Resources */ = {
			isa = PBXResourcesBuildPhase;
			buildActionMask = 2147483647;
			files = (
			);
			runOnlyForDeploymentPostprocessing = 0;
		};
		CE9A6F3C296CEDE1000E5F7E /* Resources */ = {
			isa = PBXResourcesBuildPhase;
			buildActionMask = 2147483647;
			files = (
			);
			runOnlyForDeploymentPostprocessing = 0;
		};
		CE9A6F43296CEDE2000E5F7E /* Resources */ = {
			isa = PBXResourcesBuildPhase;
			buildActionMask = 2147483647;
			files = (
			);
			runOnlyForDeploymentPostprocessing = 0;
		};
		CE9A6F7D296D66B7000E5F7E /* Resources */ = {
			isa = PBXResourcesBuildPhase;
			buildActionMask = 2147483647;
			files = (
			);
			runOnlyForDeploymentPostprocessing = 0;
		};
		CE9A6F84296D66B8000E5F7E /* Resources */ = {
			isa = PBXResourcesBuildPhase;
			buildActionMask = 2147483647;
			files = (
			);
			runOnlyForDeploymentPostprocessing = 0;
		};
		CEB6A077297D36330090E8B3 /* Resources */ = {
			isa = PBXResourcesBuildPhase;
			buildActionMask = 2147483647;
			files = (
			);
			runOnlyForDeploymentPostprocessing = 0;
		};
		CEB6A08A297D3C7C0090E8B3 /* Resources */ = {
			isa = PBXResourcesBuildPhase;
			buildActionMask = 2147483647;
			files = (
			);
			runOnlyForDeploymentPostprocessing = 0;
		};
		CEB6A091297D3C7C0090E8B3 /* Resources */ = {
			isa = PBXResourcesBuildPhase;
			buildActionMask = 2147483647;
			files = (
			);
			runOnlyForDeploymentPostprocessing = 0;
		};
/* End PBXResourcesBuildPhase section */

/* Begin PBXSourcesBuildPhase section */
		84B83E3A29B26D18000A2319 /* Sources */ = {
			isa = PBXSourcesBuildPhase;
			buildActionMask = 2147483647;
			files = (
			);
			runOnlyForDeploymentPostprocessing = 0;
		};
		84B83E4129B26D18000A2319 /* Sources */ = {
			isa = PBXSourcesBuildPhase;
			buildActionMask = 2147483647;
			files = (
				84B83E4B29B26D18000A2319 /* SignUpViewController.swift in Sources */,
			);
			runOnlyForDeploymentPostprocessing = 0;
		};
		CE9A6F12296CEA7F000E5F7E /* Sources */ = {
			isa = PBXSourcesBuildPhase;
			buildActionMask = 2147483647;
			files = (
			);
			runOnlyForDeploymentPostprocessing = 0;
		};
		CE9A6F28296CEB5A000E5F7E /* Sources */ = {
			isa = PBXSourcesBuildPhase;
			buildActionMask = 2147483647;
			files = (
				CE9A6F5A296D0B62000E5F7E /* Model.swift in Sources */,
				CE9A6F36296CEC1C000E5F7E /* AddAccount.swift in Sources */,
				CE9A6F68296D1036000E5F7E /* DomainError.swift in Sources */,
				CE9A6F38296CED45000E5F7E /* AccountModel.swift in Sources */,
			);
			runOnlyForDeploymentPostprocessing = 0;
		};
		CE9A6F3A296CEDE1000E5F7E /* Sources */ = {
			isa = PBXSourcesBuildPhase;
			buildActionMask = 2147483647;
			files = (
				CE9A6F5E296D0C3D000E5F7E /* HttpPostClient.swift in Sources */,
				CE9A6F6E296D1A1C000E5F7E /* ExtensionHelpers.swift in Sources */,
				CE9A6F6B296D1246000E5F7E /* HttpError.swift in Sources */,
				CE9A6F5C296D0C02000E5F7E /* RemoteAddAccount.swift in Sources */,
			);
			runOnlyForDeploymentPostprocessing = 0;
		};
		CE9A6F41296CEDE2000E5F7E /* Sources */ = {
			isa = PBXSourcesBuildPhase;
			buildActionMask = 2147483647;
			files = (
				CE9A6F73296D244F000E5F7E /* TestFactories.swift in Sources */,
				CE9A6F77296D24B0000E5F7E /* HttpClientSpy.swift in Sources */,
				CE9A6F4B296CEDE2000E5F7E /* RemoteAddAccountTests.swift in Sources */,
				CE9A6F79296D2506000E5F7E /* AccountModelFactory.swift in Sources */,
				CE9A6F71296D23D9000E5F7E /* TestExtensions.swift in Sources */,
			);
			runOnlyForDeploymentPostprocessing = 0;
		};
		CE9A6F7B296D66B7000E5F7E /* Sources */ = {
			isa = PBXSourcesBuildPhase;
			buildActionMask = 2147483647;
			files = (
				CEB6A070297D30FE0090E8B3 /* AlamofireAdaptar.swift in Sources */,
			);
			runOnlyForDeploymentPostprocessing = 0;
		};
		CE9A6F82296D66B8000E5F7E /* Sources */ = {
			isa = PBXSourcesBuildPhase;
			buildActionMask = 2147483647;
			files = (
				CE9A6F9A296D683E000E5F7E /* TestFactories.swift in Sources */,
				CE9A6F8C296D66B8000E5F7E /* AlamofireAdapterTests.swift in Sources */,
				CE9A6F99296D6839000E5F7E /* TestExtensions.swift in Sources */,
				CEB6A074297D31C60090E8B3 /* UrlProtocolStub.swift in Sources */,
			);
			runOnlyForDeploymentPostprocessing = 0;
		};
		CEB6A075297D36330090E8B3 /* Sources */ = {
			isa = PBXSourcesBuildPhase;
			buildActionMask = 2147483647;
			files = (
				CEB6A07C297D36330090E8B3 /* AddAccountIntegrationTests.swift in Sources */,
			);
			runOnlyForDeploymentPostprocessing = 0;
		};
		CEB6A088297D3C7C0090E8B3 /* Sources */ = {
			isa = PBXSourcesBuildPhase;
			buildActionMask = 2147483647;
			files = (
				84B83E2929B2689B000A2319 /* SignUpMapper.swift in Sources */,
				CE3F899929AD3857003BE78F /* SignUpPresenter.swift in Sources */,
				CE3F89A729AD5589003BE78F /* LoadingView.swift in Sources */,
				84B83E2729B26844000A2319 /* SignUpViewModel.swift in Sources */,
				CE3F899E29AD392E003BE78F /* AlertView.swift in Sources */,
				CE3F89A329AD3DC5003BE78F /* EmailValidator.swift in Sources */,
			);
			runOnlyForDeploymentPostprocessing = 0;
		};
		CEB6A08F297D3C7C0090E8B3 /* Sources */ = {
			isa = PBXSourcesBuildPhase;
			buildActionMask = 2147483647;
			files = (
				84B83E3529B26B3D000A2319 /* LoadingViewSpy.swift in Sources */,
				84B83E3329B26AF6000A2319 /* AddAccountSpy.swift in Sources */,
				84B83E2D29B26A5F000A2319 /* AlertViewSpy.swift in Sources */,
				CE3F89A429AD48C7003BE78F /* AccountModelFactory.swift in Sources */,
				84B83E3029B26AAD000A2319 /* EmailValidatorSpy.swift in Sources */,
				CE3F89A529AD53ED003BE78F /* TestExtensions.swift in Sources */,
				84B83E3829B26BC0000A2319 /* TestFactories.swift in Sources */,
				CEB6A099297D3C7C0090E8B3 /* SignUpPresenterTests.swift in Sources */,
			);
			runOnlyForDeploymentPostprocessing = 0;
		};
/* End PBXSourcesBuildPhase section */

/* Begin PBXTargetDependency section */
		84B83E4829B26D18000A2319 /* PBXTargetDependency */ = {
			isa = PBXTargetDependency;
			target = 84B83E3D29B26D18000A2319 /* UI */;
			targetProxy = 84B83E4729B26D18000A2319 /* PBXContainerItemProxy */;
		};
		CE3F899B29AD3888003BE78F /* PBXTargetDependency */ = {
			isa = PBXTargetDependency;
			target = CE9A6F2B296CEB5A000E5F7E /* Domain */;
			targetProxy = CE3F899A29AD3888003BE78F /* PBXContainerItemProxy */;
		};
		CE9A6F48296CEDE2000E5F7E /* PBXTargetDependency */ = {
			isa = PBXTargetDependency;
			target = CE9A6F3D296CEDE1000E5F7E /* Data */;
			targetProxy = CE9A6F47296CEDE2000E5F7E /* PBXContainerItemProxy */;
		};
		CE9A6F57296CEE0D000E5F7E /* PBXTargetDependency */ = {
			isa = PBXTargetDependency;
			target = CE9A6F2B296CEB5A000E5F7E /* Domain */;
			targetProxy = CE9A6F56296CEE0D000E5F7E /* PBXContainerItemProxy */;
		};
		CE9A6F89296D66B8000E5F7E /* PBXTargetDependency */ = {
			isa = PBXTargetDependency;
			target = CE9A6F7E296D66B7000E5F7E /* Infra */;
			targetProxy = CE9A6F88296D66B8000E5F7E /* PBXContainerItemProxy */;
		};
		CE9A6F97296D6819000E5F7E /* PBXTargetDependency */ = {
			isa = PBXTargetDependency;
			target = CE9A6F3D296CEDE1000E5F7E /* Data */;
			targetProxy = CE9A6F96296D6819000E5F7E /* PBXContainerItemProxy */;
		};
		CEB6A07F297D36330090E8B3 /* PBXTargetDependency */ = {
			isa = PBXTargetDependency;
			target = CE9A6F3D296CEDE1000E5F7E /* Data */;
			targetProxy = CEB6A07E297D36330090E8B3 /* PBXContainerItemProxy */;
		};
		CEB6A084297D364B0090E8B3 /* PBXTargetDependency */ = {
			isa = PBXTargetDependency;
			target = CE9A6F2B296CEB5A000E5F7E /* Domain */;
			targetProxy = CEB6A083297D364B0090E8B3 /* PBXContainerItemProxy */;
		};
		CEB6A086297D364F0090E8B3 /* PBXTargetDependency */ = {
			isa = PBXTargetDependency;
			target = CE9A6F7E296D66B7000E5F7E /* Infra */;
			targetProxy = CEB6A085297D364F0090E8B3 /* PBXContainerItemProxy */;
		};
		CEB6A096297D3C7C0090E8B3 /* PBXTargetDependency */ = {
			isa = PBXTargetDependency;
			target = CEB6A08B297D3C7C0090E8B3 /* Presentation */;
			targetProxy = CEB6A095297D3C7C0090E8B3 /* PBXContainerItemProxy */;
		};
/* End PBXTargetDependency section */

/* Begin XCBuildConfiguration section */
		84B83E4E29B26D18000A2319 /* Debug */ = {
			isa = XCBuildConfiguration;
			buildSettings = {
				CLANG_CXX_LANGUAGE_STANDARD = "gnu++20";
				CODE_SIGN_STYLE = Automatic;
				COMBINE_HIDPI_IMAGES = YES;
				CURRENT_PROJECT_VERSION = 1;
				DEFINES_MODULE = YES;
				DEVELOPMENT_TEAM = S94267YFNK;
				DYLIB_COMPATIBILITY_VERSION = 1;
				DYLIB_CURRENT_VERSION = 1;
				DYLIB_INSTALL_NAME_BASE = "@rpath";
				GENERATE_INFOPLIST_FILE = YES;
				INFOPLIST_KEY_NSHumanReadableCopyright = "";
				INSTALL_PATH = "$(LOCAL_LIBRARY_DIR)/Frameworks";
				LD_RUNPATH_SEARCH_PATHS = (
					"$(inherited)",
					"@executable_path/../Frameworks",
					"@loader_path/Frameworks",
				);
				MACOSX_DEPLOYMENT_TARGET = 13.1;
				MARKETING_VERSION = 1.0;
				PRODUCT_BUNDLE_IDENTIFIER = com.clean.app.UI;
				PRODUCT_NAME = "$(TARGET_NAME:c99extidentifier)";
				SDKROOT = macosx;
				SKIP_INSTALL = YES;
				SWIFT_EMIT_LOC_STRINGS = YES;
				SWIFT_VERSION = 5.0;
				VERSIONING_SYSTEM = "apple-generic";
				VERSION_INFO_PREFIX = "";
			};
			name = Debug;
		};
		84B83E4F29B26D18000A2319 /* Release */ = {
			isa = XCBuildConfiguration;
			buildSettings = {
				CLANG_CXX_LANGUAGE_STANDARD = "gnu++20";
				CODE_SIGN_STYLE = Automatic;
				COMBINE_HIDPI_IMAGES = YES;
				CURRENT_PROJECT_VERSION = 1;
				DEFINES_MODULE = YES;
				DEVELOPMENT_TEAM = S94267YFNK;
				DYLIB_COMPATIBILITY_VERSION = 1;
				DYLIB_CURRENT_VERSION = 1;
				DYLIB_INSTALL_NAME_BASE = "@rpath";
				GENERATE_INFOPLIST_FILE = YES;
				INFOPLIST_KEY_NSHumanReadableCopyright = "";
				INSTALL_PATH = "$(LOCAL_LIBRARY_DIR)/Frameworks";
				LD_RUNPATH_SEARCH_PATHS = (
					"$(inherited)",
					"@executable_path/../Frameworks",
					"@loader_path/Frameworks",
				);
				MACOSX_DEPLOYMENT_TARGET = 13.1;
				MARKETING_VERSION = 1.0;
				PRODUCT_BUNDLE_IDENTIFIER = com.clean.app.UI;
				PRODUCT_NAME = "$(TARGET_NAME:c99extidentifier)";
				SDKROOT = macosx;
				SKIP_INSTALL = YES;
				SWIFT_EMIT_LOC_STRINGS = YES;
				SWIFT_VERSION = 5.0;
				VERSIONING_SYSTEM = "apple-generic";
				VERSION_INFO_PREFIX = "";
			};
			name = Release;
		};
		84B83E5129B26D18000A2319 /* Debug */ = {
			isa = XCBuildConfiguration;
			buildSettings = {
				CLANG_CXX_LANGUAGE_STANDARD = "gnu++20";
				CODE_SIGN_STYLE = Automatic;
				CURRENT_PROJECT_VERSION = 1;
				DEVELOPMENT_TEAM = S94267YFNK;
				GENERATE_INFOPLIST_FILE = YES;
				MACOSX_DEPLOYMENT_TARGET = 13.1;
				MARKETING_VERSION = 1.0;
				PRODUCT_BUNDLE_IDENTIFIER = com.clean.app.UITests;
				PRODUCT_NAME = "$(TARGET_NAME)";
				SDKROOT = macosx;
				SWIFT_EMIT_LOC_STRINGS = NO;
				SWIFT_VERSION = 5.0;
			};
			name = Debug;
		};
		84B83E5229B26D18000A2319 /* Release */ = {
			isa = XCBuildConfiguration;
			buildSettings = {
				CLANG_CXX_LANGUAGE_STANDARD = "gnu++20";
				CODE_SIGN_STYLE = Automatic;
				CURRENT_PROJECT_VERSION = 1;
				DEVELOPMENT_TEAM = S94267YFNK;
				GENERATE_INFOPLIST_FILE = YES;
				MACOSX_DEPLOYMENT_TARGET = 13.1;
				MARKETING_VERSION = 1.0;
				PRODUCT_BUNDLE_IDENTIFIER = com.clean.app.UITests;
				PRODUCT_NAME = "$(TARGET_NAME)";
				SDKROOT = macosx;
				SWIFT_EMIT_LOC_STRINGS = NO;
				SWIFT_VERSION = 5.0;
			};
			name = Release;
		};
		CE9A6F22296CEA85000E5F7E /* Debug */ = {
			isa = XCBuildConfiguration;
			buildSettings = {
				ALWAYS_SEARCH_USER_PATHS = NO;
				CLANG_ANALYZER_NONNULL = YES;
				CLANG_ANALYZER_NUMBER_OBJECT_CONVERSION = YES_AGGRESSIVE;
				CLANG_CXX_LANGUAGE_STANDARD = "gnu++17";
				CLANG_ENABLE_MODULES = YES;
				CLANG_ENABLE_OBJC_ARC = YES;
				CLANG_ENABLE_OBJC_WEAK = YES;
				CLANG_WARN_BLOCK_CAPTURE_AUTORELEASING = YES;
				CLANG_WARN_BOOL_CONVERSION = YES;
				CLANG_WARN_COMMA = YES;
				CLANG_WARN_CONSTANT_CONVERSION = YES;
				CLANG_WARN_DEPRECATED_OBJC_IMPLEMENTATIONS = YES;
				CLANG_WARN_DIRECT_OBJC_ISA_USAGE = YES_ERROR;
				CLANG_WARN_DOCUMENTATION_COMMENTS = YES;
				CLANG_WARN_EMPTY_BODY = YES;
				CLANG_WARN_ENUM_CONVERSION = YES;
				CLANG_WARN_INFINITE_RECURSION = YES;
				CLANG_WARN_INT_CONVERSION = YES;
				CLANG_WARN_NON_LITERAL_NULL_CONVERSION = YES;
				CLANG_WARN_OBJC_IMPLICIT_RETAIN_SELF = YES;
				CLANG_WARN_OBJC_LITERAL_CONVERSION = YES;
				CLANG_WARN_OBJC_ROOT_CLASS = YES_ERROR;
				CLANG_WARN_QUOTED_INCLUDE_IN_FRAMEWORK_HEADER = YES;
				CLANG_WARN_RANGE_LOOP_ANALYSIS = YES;
				CLANG_WARN_STRICT_PROTOTYPES = YES;
				CLANG_WARN_SUSPICIOUS_MOVE = YES;
				CLANG_WARN_UNGUARDED_AVAILABILITY = YES_AGGRESSIVE;
				CLANG_WARN_UNREACHABLE_CODE = YES;
				CLANG_WARN__DUPLICATE_METHOD_MATCH = YES;
				COPY_PHASE_STRIP = NO;
				DEBUG_INFORMATION_FORMAT = dwarf;
				ENABLE_STRICT_OBJC_MSGSEND = YES;
				ENABLE_TESTABILITY = YES;
				GCC_C_LANGUAGE_STANDARD = gnu11;
				GCC_DYNAMIC_NO_PIC = NO;
				GCC_NO_COMMON_BLOCKS = YES;
				GCC_OPTIMIZATION_LEVEL = 0;
				GCC_PREPROCESSOR_DEFINITIONS = (
					"DEBUG=1",
					"$(inherited)",
				);
				GCC_WARN_64_TO_32_BIT_CONVERSION = YES;
				GCC_WARN_ABOUT_RETURN_TYPE = YES_ERROR;
				GCC_WARN_UNDECLARED_SELECTOR = YES;
				GCC_WARN_UNINITIALIZED_AUTOS = YES_AGGRESSIVE;
				GCC_WARN_UNUSED_FUNCTION = YES;
				GCC_WARN_UNUSED_VARIABLE = YES;
				IPHONEOS_DEPLOYMENT_TARGET = 15.5;
				MTL_ENABLE_DEBUG_INFO = INCLUDE_SOURCE;
				MTL_FAST_MATH = YES;
				ONLY_ACTIVE_ARCH = YES;
				SDKROOT = iphoneos;
				SWIFT_ACTIVE_COMPILATION_CONDITIONS = DEBUG;
				SWIFT_OPTIMIZATION_LEVEL = "-Onone";
			};
			name = Debug;
		};
		CE9A6F23296CEA85000E5F7E /* Release */ = {
			isa = XCBuildConfiguration;
			buildSettings = {
				ALWAYS_SEARCH_USER_PATHS = NO;
				CLANG_ANALYZER_NONNULL = YES;
				CLANG_ANALYZER_NUMBER_OBJECT_CONVERSION = YES_AGGRESSIVE;
				CLANG_CXX_LANGUAGE_STANDARD = "gnu++17";
				CLANG_ENABLE_MODULES = YES;
				CLANG_ENABLE_OBJC_ARC = YES;
				CLANG_ENABLE_OBJC_WEAK = YES;
				CLANG_WARN_BLOCK_CAPTURE_AUTORELEASING = YES;
				CLANG_WARN_BOOL_CONVERSION = YES;
				CLANG_WARN_COMMA = YES;
				CLANG_WARN_CONSTANT_CONVERSION = YES;
				CLANG_WARN_DEPRECATED_OBJC_IMPLEMENTATIONS = YES;
				CLANG_WARN_DIRECT_OBJC_ISA_USAGE = YES_ERROR;
				CLANG_WARN_DOCUMENTATION_COMMENTS = YES;
				CLANG_WARN_EMPTY_BODY = YES;
				CLANG_WARN_ENUM_CONVERSION = YES;
				CLANG_WARN_INFINITE_RECURSION = YES;
				CLANG_WARN_INT_CONVERSION = YES;
				CLANG_WARN_NON_LITERAL_NULL_CONVERSION = YES;
				CLANG_WARN_OBJC_IMPLICIT_RETAIN_SELF = YES;
				CLANG_WARN_OBJC_LITERAL_CONVERSION = YES;
				CLANG_WARN_OBJC_ROOT_CLASS = YES_ERROR;
				CLANG_WARN_QUOTED_INCLUDE_IN_FRAMEWORK_HEADER = YES;
				CLANG_WARN_RANGE_LOOP_ANALYSIS = YES;
				CLANG_WARN_STRICT_PROTOTYPES = YES;
				CLANG_WARN_SUSPICIOUS_MOVE = YES;
				CLANG_WARN_UNGUARDED_AVAILABILITY = YES_AGGRESSIVE;
				CLANG_WARN_UNREACHABLE_CODE = YES;
				CLANG_WARN__DUPLICATE_METHOD_MATCH = YES;
				COPY_PHASE_STRIP = NO;
				DEBUG_INFORMATION_FORMAT = "dwarf-with-dsym";
				ENABLE_NS_ASSERTIONS = NO;
				ENABLE_STRICT_OBJC_MSGSEND = YES;
				GCC_C_LANGUAGE_STANDARD = gnu11;
				GCC_NO_COMMON_BLOCKS = YES;
				GCC_WARN_64_TO_32_BIT_CONVERSION = YES;
				GCC_WARN_ABOUT_RETURN_TYPE = YES_ERROR;
				GCC_WARN_UNDECLARED_SELECTOR = YES;
				GCC_WARN_UNINITIALIZED_AUTOS = YES_AGGRESSIVE;
				GCC_WARN_UNUSED_FUNCTION = YES;
				GCC_WARN_UNUSED_VARIABLE = YES;
				IPHONEOS_DEPLOYMENT_TARGET = 15.5;
				MTL_ENABLE_DEBUG_INFO = NO;
				MTL_FAST_MATH = YES;
				SDKROOT = iphoneos;
				SWIFT_COMPILATION_MODE = wholemodule;
				SWIFT_OPTIMIZATION_LEVEL = "-O";
				VALIDATE_PRODUCT = YES;
			};
			name = Release;
		};
		CE9A6F25296CEA85000E5F7E /* Debug */ = {
			isa = XCBuildConfiguration;
			buildSettings = {
				ASSETCATALOG_COMPILER_APPICON_NAME = AppIcon;
				ASSETCATALOG_COMPILER_GLOBAL_ACCENT_COLOR_NAME = AccentColor;
				CODE_SIGN_STYLE = Automatic;
				CURRENT_PROJECT_VERSION = 1;
				DEVELOPMENT_ASSET_PATHS = "\"CleanApp/Preview Content\"";
				ENABLE_PREVIEWS = YES;
				GENERATE_INFOPLIST_FILE = YES;
				INFOPLIST_KEY_UIApplicationSceneManifest_Generation = YES;
				INFOPLIST_KEY_UIApplicationSupportsIndirectInputEvents = YES;
				INFOPLIST_KEY_UILaunchScreen_Generation = YES;
				INFOPLIST_KEY_UISupportedInterfaceOrientations_iPad = "UIInterfaceOrientationPortrait UIInterfaceOrientationPortraitUpsideDown UIInterfaceOrientationLandscapeLeft UIInterfaceOrientationLandscapeRight";
				INFOPLIST_KEY_UISupportedInterfaceOrientations_iPhone = "UIInterfaceOrientationPortrait UIInterfaceOrientationLandscapeLeft UIInterfaceOrientationLandscapeRight";
				LD_RUNPATH_SEARCH_PATHS = (
					"$(inherited)",
					"@executable_path/Frameworks",
				);
				MARKETING_VERSION = 1.0;
				PRODUCT_BUNDLE_IDENTIFIER = com.clean.app.CleanApp;
				PRODUCT_NAME = "$(TARGET_NAME)";
				SWIFT_EMIT_LOC_STRINGS = YES;
				SWIFT_VERSION = 5.0;
				TARGETED_DEVICE_FAMILY = "1,2";
			};
			name = Debug;
		};
		CE9A6F26296CEA85000E5F7E /* Release */ = {
			isa = XCBuildConfiguration;
			buildSettings = {
				ASSETCATALOG_COMPILER_APPICON_NAME = AppIcon;
				ASSETCATALOG_COMPILER_GLOBAL_ACCENT_COLOR_NAME = AccentColor;
				CODE_SIGN_STYLE = Automatic;
				CURRENT_PROJECT_VERSION = 1;
				DEVELOPMENT_ASSET_PATHS = "\"CleanApp/Preview Content\"";
				ENABLE_PREVIEWS = YES;
				GENERATE_INFOPLIST_FILE = YES;
				INFOPLIST_KEY_UIApplicationSceneManifest_Generation = YES;
				INFOPLIST_KEY_UIApplicationSupportsIndirectInputEvents = YES;
				INFOPLIST_KEY_UILaunchScreen_Generation = YES;
				INFOPLIST_KEY_UISupportedInterfaceOrientations_iPad = "UIInterfaceOrientationPortrait UIInterfaceOrientationPortraitUpsideDown UIInterfaceOrientationLandscapeLeft UIInterfaceOrientationLandscapeRight";
				INFOPLIST_KEY_UISupportedInterfaceOrientations_iPhone = "UIInterfaceOrientationPortrait UIInterfaceOrientationLandscapeLeft UIInterfaceOrientationLandscapeRight";
				LD_RUNPATH_SEARCH_PATHS = (
					"$(inherited)",
					"@executable_path/Frameworks",
				);
				MARKETING_VERSION = 1.0;
				PRODUCT_BUNDLE_IDENTIFIER = com.clean.app.CleanApp;
				PRODUCT_NAME = "$(TARGET_NAME)";
				SWIFT_EMIT_LOC_STRINGS = YES;
				SWIFT_VERSION = 5.0;
				TARGETED_DEVICE_FAMILY = "1,2";
			};
			name = Release;
		};
		CE9A6F33296CEB5A000E5F7E /* Debug */ = {
			isa = XCBuildConfiguration;
			buildSettings = {
				CLANG_ENABLE_MODULES = YES;
				CODE_SIGN_STYLE = Automatic;
				COMBINE_HIDPI_IMAGES = YES;
				CURRENT_PROJECT_VERSION = 1;
				DEFINES_MODULE = YES;
				DYLIB_COMPATIBILITY_VERSION = 1;
				DYLIB_CURRENT_VERSION = 1;
				DYLIB_INSTALL_NAME_BASE = "@rpath";
				GENERATE_INFOPLIST_FILE = YES;
				INFOPLIST_KEY_NSHumanReadableCopyright = "";
				INSTALL_PATH = "$(LOCAL_LIBRARY_DIR)/Frameworks";
				LD_RUNPATH_SEARCH_PATHS = (
					"$(inherited)",
					"@executable_path/../Frameworks",
					"@loader_path/Frameworks",
				);
				MACOSX_DEPLOYMENT_TARGET = 12.3;
				MARKETING_VERSION = 1.0;
				PRODUCT_BUNDLE_IDENTIFIER = com.clean.app.Domain;
				PRODUCT_NAME = "$(TARGET_NAME:c99extidentifier)";
				SDKROOT = macosx;
				SKIP_INSTALL = YES;
				SWIFT_EMIT_LOC_STRINGS = YES;
				SWIFT_OPTIMIZATION_LEVEL = "-Onone";
				SWIFT_VERSION = 5.0;
				VERSIONING_SYSTEM = "apple-generic";
				VERSION_INFO_PREFIX = "";
			};
			name = Debug;
		};
		CE9A6F34296CEB5A000E5F7E /* Release */ = {
			isa = XCBuildConfiguration;
			buildSettings = {
				CLANG_ENABLE_MODULES = YES;
				CODE_SIGN_STYLE = Automatic;
				COMBINE_HIDPI_IMAGES = YES;
				CURRENT_PROJECT_VERSION = 1;
				DEFINES_MODULE = YES;
				DYLIB_COMPATIBILITY_VERSION = 1;
				DYLIB_CURRENT_VERSION = 1;
				DYLIB_INSTALL_NAME_BASE = "@rpath";
				GENERATE_INFOPLIST_FILE = YES;
				INFOPLIST_KEY_NSHumanReadableCopyright = "";
				INSTALL_PATH = "$(LOCAL_LIBRARY_DIR)/Frameworks";
				LD_RUNPATH_SEARCH_PATHS = (
					"$(inherited)",
					"@executable_path/../Frameworks",
					"@loader_path/Frameworks",
				);
				MACOSX_DEPLOYMENT_TARGET = 12.3;
				MARKETING_VERSION = 1.0;
				PRODUCT_BUNDLE_IDENTIFIER = com.clean.app.Domain;
				PRODUCT_NAME = "$(TARGET_NAME:c99extidentifier)";
				SDKROOT = macosx;
				SKIP_INSTALL = YES;
				SWIFT_EMIT_LOC_STRINGS = YES;
				SWIFT_VERSION = 5.0;
				VERSIONING_SYSTEM = "apple-generic";
				VERSION_INFO_PREFIX = "";
			};
			name = Release;
		};
		CE9A6F4E296CEDE2000E5F7E /* Debug */ = {
			isa = XCBuildConfiguration;
			buildSettings = {
				CLANG_ENABLE_MODULES = YES;
				CODE_SIGN_STYLE = Automatic;
				COMBINE_HIDPI_IMAGES = YES;
				CURRENT_PROJECT_VERSION = 1;
				DEFINES_MODULE = YES;
				DYLIB_COMPATIBILITY_VERSION = 1;
				DYLIB_CURRENT_VERSION = 1;
				DYLIB_INSTALL_NAME_BASE = "@rpath";
				GENERATE_INFOPLIST_FILE = YES;
				INFOPLIST_KEY_NSHumanReadableCopyright = "";
				INSTALL_PATH = "$(LOCAL_LIBRARY_DIR)/Frameworks";
				LD_RUNPATH_SEARCH_PATHS = (
					"$(inherited)",
					"@executable_path/../Frameworks",
					"@loader_path/Frameworks",
				);
				MACOSX_DEPLOYMENT_TARGET = 12.3;
				MARKETING_VERSION = 1.0;
				PRODUCT_BUNDLE_IDENTIFIER = com.clean.app.Data;
				PRODUCT_NAME = "$(TARGET_NAME:c99extidentifier)";
				SDKROOT = macosx;
				SKIP_INSTALL = YES;
				SWIFT_EMIT_LOC_STRINGS = YES;
				SWIFT_OPTIMIZATION_LEVEL = "-Onone";
				SWIFT_VERSION = 5.0;
				VERSIONING_SYSTEM = "apple-generic";
				VERSION_INFO_PREFIX = "";
			};
			name = Debug;
		};
		CE9A6F4F296CEDE2000E5F7E /* Release */ = {
			isa = XCBuildConfiguration;
			buildSettings = {
				CLANG_ENABLE_MODULES = YES;
				CODE_SIGN_STYLE = Automatic;
				COMBINE_HIDPI_IMAGES = YES;
				CURRENT_PROJECT_VERSION = 1;
				DEFINES_MODULE = YES;
				DYLIB_COMPATIBILITY_VERSION = 1;
				DYLIB_CURRENT_VERSION = 1;
				DYLIB_INSTALL_NAME_BASE = "@rpath";
				GENERATE_INFOPLIST_FILE = YES;
				INFOPLIST_KEY_NSHumanReadableCopyright = "";
				INSTALL_PATH = "$(LOCAL_LIBRARY_DIR)/Frameworks";
				LD_RUNPATH_SEARCH_PATHS = (
					"$(inherited)",
					"@executable_path/../Frameworks",
					"@loader_path/Frameworks",
				);
				MACOSX_DEPLOYMENT_TARGET = 12.3;
				MARKETING_VERSION = 1.0;
				PRODUCT_BUNDLE_IDENTIFIER = com.clean.app.Data;
				PRODUCT_NAME = "$(TARGET_NAME:c99extidentifier)";
				SDKROOT = macosx;
				SKIP_INSTALL = YES;
				SWIFT_EMIT_LOC_STRINGS = YES;
				SWIFT_VERSION = 5.0;
				VERSIONING_SYSTEM = "apple-generic";
				VERSION_INFO_PREFIX = "";
			};
			name = Release;
		};
		CE9A6F51296CEDE2000E5F7E /* Debug */ = {
			isa = XCBuildConfiguration;
			buildSettings = {
				ALWAYS_EMBED_SWIFT_STANDARD_LIBRARIES = YES;
				CODE_SIGN_STYLE = Automatic;
				CURRENT_PROJECT_VERSION = 1;
				GENERATE_INFOPLIST_FILE = YES;
				MACOSX_DEPLOYMENT_TARGET = 12.3;
				MARKETING_VERSION = 1.0;
				PRODUCT_BUNDLE_IDENTIFIER = com.clean.app.DataTests;
				PRODUCT_NAME = "$(TARGET_NAME)";
				SDKROOT = macosx;
				SWIFT_EMIT_LOC_STRINGS = NO;
				SWIFT_VERSION = 5.0;
			};
			name = Debug;
		};
		CE9A6F52296CEDE2000E5F7E /* Release */ = {
			isa = XCBuildConfiguration;
			buildSettings = {
				ALWAYS_EMBED_SWIFT_STANDARD_LIBRARIES = YES;
				CODE_SIGN_STYLE = Automatic;
				CURRENT_PROJECT_VERSION = 1;
				GENERATE_INFOPLIST_FILE = YES;
				MACOSX_DEPLOYMENT_TARGET = 12.3;
				MARKETING_VERSION = 1.0;
				PRODUCT_BUNDLE_IDENTIFIER = com.clean.app.DataTests;
				PRODUCT_NAME = "$(TARGET_NAME)";
				SDKROOT = macosx;
				SWIFT_EMIT_LOC_STRINGS = NO;
				SWIFT_VERSION = 5.0;
			};
			name = Release;
		};
		CE9A6F8F296D66B8000E5F7E /* Debug */ = {
			isa = XCBuildConfiguration;
			buildSettings = {
				CLANG_ENABLE_MODULES = YES;
				CODE_SIGN_STYLE = Automatic;
				COMBINE_HIDPI_IMAGES = YES;
				CURRENT_PROJECT_VERSION = 1;
				DEFINES_MODULE = YES;
				DYLIB_COMPATIBILITY_VERSION = 1;
				DYLIB_CURRENT_VERSION = 1;
				DYLIB_INSTALL_NAME_BASE = "@rpath";
				GENERATE_INFOPLIST_FILE = YES;
				INFOPLIST_KEY_NSHumanReadableCopyright = "";
				INSTALL_PATH = "$(LOCAL_LIBRARY_DIR)/Frameworks";
				LD_RUNPATH_SEARCH_PATHS = (
					"$(inherited)",
					"@executable_path/../Frameworks",
					"@loader_path/Frameworks",
				);
				MACOSX_DEPLOYMENT_TARGET = 12.3;
				MARKETING_VERSION = 1.0;
				PRODUCT_BUNDLE_IDENTIFIER = com.clean.app.Infra;
				PRODUCT_NAME = "$(TARGET_NAME:c99extidentifier)";
				SDKROOT = macosx;
				SKIP_INSTALL = YES;
				SWIFT_EMIT_LOC_STRINGS = YES;
				SWIFT_OPTIMIZATION_LEVEL = "-Onone";
				SWIFT_VERSION = 5.0;
				VERSIONING_SYSTEM = "apple-generic";
				VERSION_INFO_PREFIX = "";
			};
			name = Debug;
		};
		CE9A6F90296D66B8000E5F7E /* Release */ = {
			isa = XCBuildConfiguration;
			buildSettings = {
				CLANG_ENABLE_MODULES = YES;
				CODE_SIGN_STYLE = Automatic;
				COMBINE_HIDPI_IMAGES = YES;
				CURRENT_PROJECT_VERSION = 1;
				DEFINES_MODULE = YES;
				DYLIB_COMPATIBILITY_VERSION = 1;
				DYLIB_CURRENT_VERSION = 1;
				DYLIB_INSTALL_NAME_BASE = "@rpath";
				GENERATE_INFOPLIST_FILE = YES;
				INFOPLIST_KEY_NSHumanReadableCopyright = "";
				INSTALL_PATH = "$(LOCAL_LIBRARY_DIR)/Frameworks";
				LD_RUNPATH_SEARCH_PATHS = (
					"$(inherited)",
					"@executable_path/../Frameworks",
					"@loader_path/Frameworks",
				);
				MACOSX_DEPLOYMENT_TARGET = 12.3;
				MARKETING_VERSION = 1.0;
				PRODUCT_BUNDLE_IDENTIFIER = com.clean.app.Infra;
				PRODUCT_NAME = "$(TARGET_NAME:c99extidentifier)";
				SDKROOT = macosx;
				SKIP_INSTALL = YES;
				SWIFT_EMIT_LOC_STRINGS = YES;
				SWIFT_VERSION = 5.0;
				VERSIONING_SYSTEM = "apple-generic";
				VERSION_INFO_PREFIX = "";
			};
			name = Release;
		};
		CE9A6F92296D66B8000E5F7E /* Debug */ = {
			isa = XCBuildConfiguration;
			buildSettings = {
				ALWAYS_EMBED_SWIFT_STANDARD_LIBRARIES = YES;
				CODE_SIGN_STYLE = Automatic;
				CURRENT_PROJECT_VERSION = 1;
				GENERATE_INFOPLIST_FILE = YES;
				MACOSX_DEPLOYMENT_TARGET = 12.3;
				MARKETING_VERSION = 1.0;
				PRODUCT_BUNDLE_IDENTIFIER = com.clean.app.InfraTests;
				PRODUCT_NAME = "$(TARGET_NAME)";
				SDKROOT = macosx;
				SWIFT_EMIT_LOC_STRINGS = NO;
				SWIFT_VERSION = 5.0;
			};
			name = Debug;
		};
		CE9A6F93296D66B8000E5F7E /* Release */ = {
			isa = XCBuildConfiguration;
			buildSettings = {
				ALWAYS_EMBED_SWIFT_STANDARD_LIBRARIES = YES;
				CODE_SIGN_STYLE = Automatic;
				CURRENT_PROJECT_VERSION = 1;
				GENERATE_INFOPLIST_FILE = YES;
				MACOSX_DEPLOYMENT_TARGET = 12.3;
				MARKETING_VERSION = 1.0;
				PRODUCT_BUNDLE_IDENTIFIER = com.clean.app.InfraTests;
				PRODUCT_NAME = "$(TARGET_NAME)";
				SDKROOT = macosx;
				SWIFT_EMIT_LOC_STRINGS = NO;
				SWIFT_VERSION = 5.0;
			};
			name = Release;
		};
		CEB6A081297D36330090E8B3 /* Debug */ = {
			isa = XCBuildConfiguration;
			buildSettings = {
				CODE_SIGN_STYLE = Automatic;
				CURRENT_PROJECT_VERSION = 1;
				GENERATE_INFOPLIST_FILE = YES;
				MACOSX_DEPLOYMENT_TARGET = 12.3;
				MARKETING_VERSION = 1.0;
				PRODUCT_BUNDLE_IDENTIFIER = com.clean.app.UseCasesIntegrationTests;
				PRODUCT_NAME = "$(TARGET_NAME)";
				SDKROOT = macosx;
				SWIFT_EMIT_LOC_STRINGS = NO;
				SWIFT_VERSION = 5.0;
			};
			name = Debug;
		};
		CEB6A082297D36330090E8B3 /* Release */ = {
			isa = XCBuildConfiguration;
			buildSettings = {
				CODE_SIGN_STYLE = Automatic;
				CURRENT_PROJECT_VERSION = 1;
				GENERATE_INFOPLIST_FILE = YES;
				MACOSX_DEPLOYMENT_TARGET = 12.3;
				MARKETING_VERSION = 1.0;
				PRODUCT_BUNDLE_IDENTIFIER = com.clean.app.UseCasesIntegrationTests;
				PRODUCT_NAME = "$(TARGET_NAME)";
				SDKROOT = macosx;
				SWIFT_EMIT_LOC_STRINGS = NO;
				SWIFT_VERSION = 5.0;
			};
			name = Release;
		};
		CEB6A09C297D3C7C0090E8B3 /* Debug */ = {
			isa = XCBuildConfiguration;
			buildSettings = {
				CLANG_ENABLE_MODULES = YES;
				CODE_SIGN_STYLE = Automatic;
				COMBINE_HIDPI_IMAGES = YES;
				CURRENT_PROJECT_VERSION = 1;
				DEFINES_MODULE = YES;
				DYLIB_COMPATIBILITY_VERSION = 1;
				DYLIB_CURRENT_VERSION = 1;
				DYLIB_INSTALL_NAME_BASE = "@rpath";
				GENERATE_INFOPLIST_FILE = YES;
				INFOPLIST_KEY_NSHumanReadableCopyright = "";
				INSTALL_PATH = "$(LOCAL_LIBRARY_DIR)/Frameworks";
				LD_RUNPATH_SEARCH_PATHS = (
					"$(inherited)",
					"@executable_path/../Frameworks",
					"@loader_path/Frameworks",
				);
				MACOSX_DEPLOYMENT_TARGET = 12.3;
				MARKETING_VERSION = 1.0;
				PRODUCT_BUNDLE_IDENTIFIER = com.clean.app.Presentation;
				PRODUCT_NAME = "$(TARGET_NAME:c99extidentifier)";
				SDKROOT = macosx;
				SKIP_INSTALL = YES;
				SWIFT_EMIT_LOC_STRINGS = YES;
				SWIFT_OPTIMIZATION_LEVEL = "-Onone";
				SWIFT_VERSION = 5.0;
				VERSIONING_SYSTEM = "apple-generic";
				VERSION_INFO_PREFIX = "";
			};
			name = Debug;
		};
		CEB6A09D297D3C7C0090E8B3 /* Release */ = {
			isa = XCBuildConfiguration;
			buildSettings = {
				CLANG_ENABLE_MODULES = YES;
				CODE_SIGN_STYLE = Automatic;
				COMBINE_HIDPI_IMAGES = YES;
				CURRENT_PROJECT_VERSION = 1;
				DEFINES_MODULE = YES;
				DYLIB_COMPATIBILITY_VERSION = 1;
				DYLIB_CURRENT_VERSION = 1;
				DYLIB_INSTALL_NAME_BASE = "@rpath";
				GENERATE_INFOPLIST_FILE = YES;
				INFOPLIST_KEY_NSHumanReadableCopyright = "";
				INSTALL_PATH = "$(LOCAL_LIBRARY_DIR)/Frameworks";
				LD_RUNPATH_SEARCH_PATHS = (
					"$(inherited)",
					"@executable_path/../Frameworks",
					"@loader_path/Frameworks",
				);
				MACOSX_DEPLOYMENT_TARGET = 12.3;
				MARKETING_VERSION = 1.0;
				PRODUCT_BUNDLE_IDENTIFIER = com.clean.app.Presentation;
				PRODUCT_NAME = "$(TARGET_NAME:c99extidentifier)";
				SDKROOT = macosx;
				SKIP_INSTALL = YES;
				SWIFT_EMIT_LOC_STRINGS = YES;
				SWIFT_VERSION = 5.0;
				VERSIONING_SYSTEM = "apple-generic";
				VERSION_INFO_PREFIX = "";
			};
			name = Release;
		};
		CEB6A09F297D3C7C0090E8B3 /* Debug */ = {
			isa = XCBuildConfiguration;
			buildSettings = {
				ALWAYS_EMBED_SWIFT_STANDARD_LIBRARIES = YES;
				CODE_SIGN_STYLE = Automatic;
				CURRENT_PROJECT_VERSION = 1;
				GENERATE_INFOPLIST_FILE = YES;
				MACOSX_DEPLOYMENT_TARGET = 12.3;
				MARKETING_VERSION = 1.0;
				PRODUCT_BUNDLE_IDENTIFIER = com.clean.app.PresentationTests;
				PRODUCT_NAME = "$(TARGET_NAME)";
				SDKROOT = macosx;
				SWIFT_EMIT_LOC_STRINGS = NO;
				SWIFT_VERSION = 5.0;
			};
			name = Debug;
		};
		CEB6A0A0297D3C7C0090E8B3 /* Release */ = {
			isa = XCBuildConfiguration;
			buildSettings = {
				ALWAYS_EMBED_SWIFT_STANDARD_LIBRARIES = YES;
				CODE_SIGN_STYLE = Automatic;
				CURRENT_PROJECT_VERSION = 1;
				GENERATE_INFOPLIST_FILE = YES;
				MACOSX_DEPLOYMENT_TARGET = 12.3;
				MARKETING_VERSION = 1.0;
				PRODUCT_BUNDLE_IDENTIFIER = com.clean.app.PresentationTests;
				PRODUCT_NAME = "$(TARGET_NAME)";
				SDKROOT = macosx;
				SWIFT_EMIT_LOC_STRINGS = NO;
				SWIFT_VERSION = 5.0;
			};
			name = Release;
		};
/* End XCBuildConfiguration section */

/* Begin XCConfigurationList section */
		84B83E4D29B26D18000A2319 /* Build configuration list for PBXNativeTarget "UI" */ = {
			isa = XCConfigurationList;
			buildConfigurations = (
				84B83E4E29B26D18000A2319 /* Debug */,
				84B83E4F29B26D18000A2319 /* Release */,
			);
			defaultConfigurationIsVisible = 0;
			defaultConfigurationName = Release;
		};
		84B83E5029B26D18000A2319 /* Build configuration list for PBXNativeTarget "UITests" */ = {
			isa = XCConfigurationList;
			buildConfigurations = (
				84B83E5129B26D18000A2319 /* Debug */,
				84B83E5229B26D18000A2319 /* Release */,
			);
			defaultConfigurationIsVisible = 0;
			defaultConfigurationName = Release;
		};
		CE9A6F11296CEA7E000E5F7E /* Build configuration list for PBXProject "CleanApp" */ = {
			isa = XCConfigurationList;
			buildConfigurations = (
				CE9A6F22296CEA85000E5F7E /* Debug */,
				CE9A6F23296CEA85000E5F7E /* Release */,
			);
			defaultConfigurationIsVisible = 0;
			defaultConfigurationName = Release;
		};
		CE9A6F24296CEA85000E5F7E /* Build configuration list for PBXNativeTarget "CleanApp" */ = {
			isa = XCConfigurationList;
			buildConfigurations = (
				CE9A6F25296CEA85000E5F7E /* Debug */,
				CE9A6F26296CEA85000E5F7E /* Release */,
			);
			defaultConfigurationIsVisible = 0;
			defaultConfigurationName = Release;
		};
		CE9A6F32296CEB5A000E5F7E /* Build configuration list for PBXNativeTarget "Domain" */ = {
			isa = XCConfigurationList;
			buildConfigurations = (
				CE9A6F33296CEB5A000E5F7E /* Debug */,
				CE9A6F34296CEB5A000E5F7E /* Release */,
			);
			defaultConfigurationIsVisible = 0;
			defaultConfigurationName = Release;
		};
		CE9A6F4D296CEDE2000E5F7E /* Build configuration list for PBXNativeTarget "Data" */ = {
			isa = XCConfigurationList;
			buildConfigurations = (
				CE9A6F4E296CEDE2000E5F7E /* Debug */,
				CE9A6F4F296CEDE2000E5F7E /* Release */,
			);
			defaultConfigurationIsVisible = 0;
			defaultConfigurationName = Release;
		};
		CE9A6F50296CEDE2000E5F7E /* Build configuration list for PBXNativeTarget "DataTests" */ = {
			isa = XCConfigurationList;
			buildConfigurations = (
				CE9A6F51296CEDE2000E5F7E /* Debug */,
				CE9A6F52296CEDE2000E5F7E /* Release */,
			);
			defaultConfigurationIsVisible = 0;
			defaultConfigurationName = Release;
		};
		CE9A6F8E296D66B8000E5F7E /* Build configuration list for PBXNativeTarget "Infra" */ = {
			isa = XCConfigurationList;
			buildConfigurations = (
				CE9A6F8F296D66B8000E5F7E /* Debug */,
				CE9A6F90296D66B8000E5F7E /* Release */,
			);
			defaultConfigurationIsVisible = 0;
			defaultConfigurationName = Release;
		};
		CE9A6F91296D66B8000E5F7E /* Build configuration list for PBXNativeTarget "InfraTests" */ = {
			isa = XCConfigurationList;
			buildConfigurations = (
				CE9A6F92296D66B8000E5F7E /* Debug */,
				CE9A6F93296D66B8000E5F7E /* Release */,
			);
			defaultConfigurationIsVisible = 0;
			defaultConfigurationName = Release;
		};
		CEB6A080297D36330090E8B3 /* Build configuration list for PBXNativeTarget "UseCasesIntegrationTests" */ = {
			isa = XCConfigurationList;
			buildConfigurations = (
				CEB6A081297D36330090E8B3 /* Debug */,
				CEB6A082297D36330090E8B3 /* Release */,
			);
			defaultConfigurationIsVisible = 0;
			defaultConfigurationName = Release;
		};
		CEB6A09B297D3C7C0090E8B3 /* Build configuration list for PBXNativeTarget "Presentation" */ = {
			isa = XCConfigurationList;
			buildConfigurations = (
				CEB6A09C297D3C7C0090E8B3 /* Debug */,
				CEB6A09D297D3C7C0090E8B3 /* Release */,
			);
			defaultConfigurationIsVisible = 0;
			defaultConfigurationName = Release;
		};
		CEB6A09E297D3C7C0090E8B3 /* Build configuration list for PBXNativeTarget "PresentationTests" */ = {
			isa = XCConfigurationList;
			buildConfigurations = (
				CEB6A09F297D3C7C0090E8B3 /* Debug */,
				CEB6A0A0297D3C7C0090E8B3 /* Release */,
			);
			defaultConfigurationIsVisible = 0;
			defaultConfigurationName = Release;
		};
/* End XCConfigurationList section */

/* Begin XCRemoteSwiftPackageReference section */
		CE9A6F9B296D68F7000E5F7E /* XCRemoteSwiftPackageReference "Alamofire" */ = {
			isa = XCRemoteSwiftPackageReference;
			repositoryURL = "https://github.com/Alamofire/Alamofire.git";
			requirement = {
				kind = upToNextMajorVersion;
				minimumVersion = 5.0.0;
			};
		};
/* End XCRemoteSwiftPackageReference section */

/* Begin XCSwiftPackageProductDependency section */
		CE9A6F9C296D68F7000E5F7E /* Alamofire */ = {
			isa = XCSwiftPackageProductDependency;
			package = CE9A6F9B296D68F7000E5F7E /* XCRemoteSwiftPackageReference "Alamofire" */;
			productName = Alamofire;
		};
/* End XCSwiftPackageProductDependency section */
	};
	rootObject = CE9A6F0E296CEA7E000E5F7E /* Project object */;
}
